// !$*UTF8*$!
{
	archiveVersion = 1;
	classes = {
	};
	objectVersion = 50;
	objects = {

/* Begin PBXBuildFile section */
		E7156BB225C17E8700B7F211 /* PlaybackButtonPanel.swift in Sources */ = {isa = PBXBuildFile; fileRef = E7156BB125C17E8700B7F211 /* PlaybackButtonPanel.swift */; };
		E7156BBE25C1822600B7F211 /* TextButton.swift in Sources */ = {isa = PBXBuildFile; fileRef = E7156BBD25C1822600B7F211 /* TextButton.swift */; };
		E7156BC625C1828C00B7F211 /* TextButtonLabelModifier.swift in Sources */ = {isa = PBXBuildFile; fileRef = E7156BC525C1828C00B7F211 /* TextButtonLabelModifier.swift */; };
		E7156BD425C18A2D00B7F211 /* PlaybackControlPanel.swift in Sources */ = {isa = PBXBuildFile; fileRef = E7156BD325C18A2D00B7F211 /* PlaybackControlPanel.swift */; };
		E7156BDC25C18B5B00B7F211 /* PlaybackControlPanelViewModel.swift in Sources */ = {isa = PBXBuildFile; fileRef = E7156BDB25C18B5B00B7F211 /* PlaybackControlPanelViewModel.swift */; };
		E775032325B75FBD00D4E9FC /* SliderBuilder.swift in Sources */ = {isa = PBXBuildFile; fileRef = E775032225B75FBD00D4E9FC /* SliderBuilder.swift */; };
		E775032825B75FC800D4E9FC /* SliderStructureModifiers.swift in Sources */ = {isa = PBXBuildFile; fileRef = E775032725B75FC800D4E9FC /* SliderStructureModifiers.swift */; };
		E775032D25B75FCE00D4E9FC /* SliderComponentModifier.swift in Sources */ = {isa = PBXBuildFile; fileRef = E775032C25B75FCE00D4E9FC /* SliderComponentModifier.swift */; };
		E775033525B75FEB00D4E9FC /* RenderFunction.swift in Sources */ = {isa = PBXBuildFile; fileRef = E775033425B75FEB00D4E9FC /* RenderFunction.swift */; };
		E7BD81D225C1E4880083FE69 /* PlaybackSetting.swift in Sources */ = {isa = PBXBuildFile; fileRef = E7BD81D125C1E4880083FE69 /* PlaybackSetting.swift */; };
		E7BD81E025C1E7410083FE69 /* PlaybackSettingsPanelViewModel.swift in Sources */ = {isa = PBXBuildFile; fileRef = E7BD81DF25C1E7410083FE69 /* PlaybackSettingsPanelViewModel.swift */; };
		E7CB413425BAF6940035E229 /* SimpleSlider.swift in Sources */ = {isa = PBXBuildFile; fileRef = E7CB413325BAF6940035E229 /* SimpleSlider.swift */; };
		E7CB414925BB03590035E229 /* SimpleSliderTrack.swift in Sources */ = {isa = PBXBuildFile; fileRef = E7CB414825BB03590035E229 /* SimpleSliderTrack.swift */; };
		E7CB415125BB036A0035E229 /* SimpleSliderThumb.swift in Sources */ = {isa = PBXBuildFile; fileRef = E7CB415025BB036A0035E229 /* SimpleSliderThumb.swift */; };
		E7CB415925BB052F0035E229 /* SimpleSliderTrackShapeModifier.swift in Sources */ = {isa = PBXBuildFile; fileRef = E7CB415825BB052F0035E229 /* SimpleSliderTrackShapeModifier.swift */; };
		E7D9A82025BED63A00EE072A /* PlaybackSettingsPanel.swift in Sources */ = {isa = PBXBuildFile; fileRef = E7D9A81F25BED63A00EE072A /* PlaybackSettingsPanel.swift */; };
		E7D9A82825BEE5F400EE072A /* PlaybackSettingType.swift in Sources */ = {isa = PBXBuildFile; fileRef = E7D9A82725BEE5F400EE072A /* PlaybackSettingType.swift */; };
		E7D9A82D25BEE62200EE072A /* PlaybackSettingViewModel.swift in Sources */ = {isa = PBXBuildFile; fileRef = E7D9A82C25BEE62200EE072A /* PlaybackSettingViewModel.swift */; };
		E7E8F41B25B5A85F00CEEB98 /* YouAndMeowApp.swift in Sources */ = {isa = PBXBuildFile; fileRef = E7E8F41A25B5A85F00CEEB98 /* YouAndMeowApp.swift */; };
		E7E8F41D25B5A85F00CEEB98 /* ContentView.swift in Sources */ = {isa = PBXBuildFile; fileRef = E7E8F41C25B5A85F00CEEB98 /* ContentView.swift */; };
		E7E8F41F25B5A86000CEEB98 /* Assets.xcassets in Resources */ = {isa = PBXBuildFile; fileRef = E7E8F41E25B5A86000CEEB98 /* Assets.xcassets */; };
		E7E8F42225B5A86000CEEB98 /* Preview Assets.xcassets in Resources */ = {isa = PBXBuildFile; fileRef = E7E8F42125B5A86000CEEB98 /* Preview Assets.xcassets */; };
		E7E8F42D25B5A86000CEEB98 /* YouAndMeowTests.swift in Sources */ = {isa = PBXBuildFile; fileRef = E7E8F42C25B5A86000CEEB98 /* YouAndMeowTests.swift */; };
		E7E8F43825B5A86000CEEB98 /* YouAndMeowUITests.swift in Sources */ = {isa = PBXBuildFile; fileRef = E7E8F43725B5A86000CEEB98 /* YouAndMeowUITests.swift */; };
		E7E8F44F25B5A8D700CEEB98 /* SoundRepository.swift in Sources */ = {isa = PBXBuildFile; fileRef = E7E8F44925B5A8D600CEEB98 /* SoundRepository.swift */; };
		E7E8F45025B5A8D700CEEB98 /* FileManager.swift in Sources */ = {isa = PBXBuildFile; fileRef = E7E8F44B25B5A8D600CEEB98 /* FileManager.swift */; };
		E7E8F45125B5A8D700CEEB98 /* IntervalsRepository.swift in Sources */ = {isa = PBXBuildFile; fileRef = E7E8F44C25B5A8D600CEEB98 /* IntervalsRepository.swift */; };
		E7E8F45225B5A8D700CEEB98 /* DataDecoder.swift in Sources */ = {isa = PBXBuildFile; fileRef = E7E8F44E25B5A8D600CEEB98 /* DataDecoder.swift */; };
		E7E8F47C25B5A8F000CEEB98 /* AudioByteBufferEngine.swift in Sources */ = {isa = PBXBuildFile; fileRef = E7E8F45825B5A8F000CEEB98 /* AudioByteBufferEngine.swift */; };
		E7E8F47D25B5A8F000CEEB98 /* AudioBufferEngine.swift in Sources */ = {isa = PBXBuildFile; fileRef = E7E8F45925B5A8F000CEEB98 /* AudioBufferEngine.swift */; };
		E7E8F47E25B5A8F000CEEB98 /* AudioPCMBufferEngine.swift in Sources */ = {isa = PBXBuildFile; fileRef = E7E8F45A25B5A8F000CEEB98 /* AudioPCMBufferEngine.swift */; };
		E7E8F47F25B5A8F000CEEB98 /* AudioPCMBufferPlayer.swift in Sources */ = {isa = PBXBuildFile; fileRef = E7E8F45B25B5A8F000CEEB98 /* AudioPCMBufferPlayer.swift */; };
		E7E8F48025B5A8F000CEEB98 /* AudioByteBufferPlayer.swift in Sources */ = {isa = PBXBuildFile; fileRef = E7E8F45C25B5A8F000CEEB98 /* AudioByteBufferPlayer.swift */; };
		E7E8F48125B5A8F000CEEB98 /* AudioBufferPlayer.swift in Sources */ = {isa = PBXBuildFile; fileRef = E7E8F45D25B5A8F000CEEB98 /* AudioBufferPlayer.swift */; };
		E7E8F48225B5A8F000CEEB98 /* LimitedValue.swift in Sources */ = {isa = PBXBuildFile; fileRef = E7E8F45F25B5A8F000CEEB98 /* LimitedValue.swift */; };
		E7E8F48325B5A8F000CEEB98 /* VoidFunction.swift in Sources */ = {isa = PBXBuildFile; fileRef = E7E8F46025B5A8F000CEEB98 /* VoidFunction.swift */; };
		E7E8F48425B5A8F000CEEB98 /* RoundingAccuracy.swift in Sources */ = {isa = PBXBuildFile; fileRef = E7E8F46125B5A8F000CEEB98 /* RoundingAccuracy.swift */; };
		E7E8F48525B5A8F000CEEB98 /* MeowingFragmentManager.swift in Sources */ = {isa = PBXBuildFile; fileRef = E7E8F46325B5A8F000CEEB98 /* MeowingFragmentManager.swift */; };
		E7E8F48625B5A8F000CEEB98 /* BreathingFragmentManager.swift in Sources */ = {isa = PBXBuildFile; fileRef = E7E8F46425B5A8F000CEEB98 /* BreathingFragmentManager.swift */; };
		E7E8F48725B5A8F000CEEB98 /* BreathingSoundPlayer.swift in Sources */ = {isa = PBXBuildFile; fileRef = E7E8F46625B5A8F000CEEB98 /* BreathingSoundPlayer.swift */; };
		E7E8F48825B5A8F000CEEB98 /* SoundPlayer.swift in Sources */ = {isa = PBXBuildFile; fileRef = E7E8F46725B5A8F000CEEB98 /* SoundPlayer.swift */; };
		E7E8F48925B5A8F000CEEB98 /* MeowingSoundPlayer.swift in Sources */ = {isa = PBXBuildFile; fileRef = E7E8F46825B5A8F000CEEB98 /* MeowingSoundPlayer.swift */; };
		E7E8F48A25B5A8F000CEEB98 /* Array.swift in Sources */ = {isa = PBXBuildFile; fileRef = E7E8F46A25B5A8F000CEEB98 /* Array.swift */; };
		E7E8F48B25B5A8F000CEEB98 /* Comparable.swift in Sources */ = {isa = PBXBuildFile; fileRef = E7E8F46B25B5A8F000CEEB98 /* Comparable.swift */; };
		E7E8F48C25B5A8F000CEEB98 /* Timer.swift in Sources */ = {isa = PBXBuildFile; fileRef = E7E8F46C25B5A8F000CEEB98 /* Timer.swift */; };
		E7E8F48D25B5A8F000CEEB98 /* BinaryFloatingPoint.swift in Sources */ = {isa = PBXBuildFile; fileRef = E7E8F46D25B5A8F000CEEB98 /* BinaryFloatingPoint.swift */; };
		E7E8F48E25B5A8F000CEEB98 /* AVAudioEngine.swift in Sources */ = {isa = PBXBuildFile; fileRef = E7E8F46E25B5A8F000CEEB98 /* AVAudioEngine.swift */; };
		E7E8F48F25B5A8F000CEEB98 /* DistanceProcessor.swift in Sources */ = {isa = PBXBuildFile; fileRef = E7E8F47025B5A8F000CEEB98 /* DistanceProcessor.swift */; };
		E7E8F49025B5A8F000CEEB98 /* FragmentManagerCreator.swift in Sources */ = {isa = PBXBuildFile; fileRef = E7E8F47225B5A8F000CEEB98 /* FragmentManagerCreator.swift */; };
		E7E8F49125B5A8F000CEEB98 /* PlaybackControllerCreator.swift in Sources */ = {isa = PBXBuildFile; fileRef = E7E8F47325B5A8F000CEEB98 /* PlaybackControllerCreator.swift */; };
		E7E8F49225B5A8F000CEEB98 /* SoundPlayerCreator.swift in Sources */ = {isa = PBXBuildFile; fileRef = E7E8F47425B5A8F000CEEB98 /* SoundPlayerCreator.swift */; };
		E7E8F49325B5A8F000CEEB98 /* MeowingPlaybackController.swift in Sources */ = {isa = PBXBuildFile; fileRef = E7E8F47625B5A8F000CEEB98 /* MeowingPlaybackController.swift */; };
		E7E8F49425B5A8F000CEEB98 /* BreathingPlaybackController.swift in Sources */ = {isa = PBXBuildFile; fileRef = E7E8F47725B5A8F000CEEB98 /* BreathingPlaybackController.swift */; };
		E7E8F49525B5A8F000CEEB98 /* CatSoundPlaybackController.swift in Sources */ = {isa = PBXBuildFile; fileRef = E7E8F47825B5A8F000CEEB98 /* CatSoundPlaybackController.swift */; };
		E7E8F49625B5A8F000CEEB98 /* BreathingPhases.swift in Sources */ = {isa = PBXBuildFile; fileRef = E7E8F47A25B5A8F000CEEB98 /* BreathingPhases.swift */; };
		E7E8F49725B5A8F000CEEB98 /* SoundFragment.swift in Sources */ = {isa = PBXBuildFile; fileRef = E7E8F47B25B5A8F000CEEB98 /* SoundFragment.swift */; };
		E7E8F4A225B5A94400CEEB98 /* MeowingIntervals.plist in Resources */ = {isa = PBXBuildFile; fileRef = E7E8F49D25B5A94400CEEB98 /* MeowingIntervals.plist */; };
		E7E8F4A325B5A94400CEEB98 /* Exhalation.m4a in Resources */ = {isa = PBXBuildFile; fileRef = E7E8F49F25B5A94400CEEB98 /* Exhalation.m4a */; };
		E7E8F4A425B5A94400CEEB98 /* Inhalation.m4a in Resources */ = {isa = PBXBuildFile; fileRef = E7E8F4A025B5A94400CEEB98 /* Inhalation.m4a */; };
		E7E8F4A525B5A94400CEEB98 /* Meowing.m4a in Resources */ = {isa = PBXBuildFile; fileRef = E7E8F4A125B5A94400CEEB98 /* Meowing.m4a */; };
		E7EE0D7A25BC0C2800638D2F /* SimpleSliderValueLabelTextModifier.swift in Sources */ = {isa = PBXBuildFile; fileRef = E7EE0D7825BC0C2800638D2F /* SimpleSliderValueLabelTextModifier.swift */; };
		E7EE0D7B25BC0C2800638D2F /* SimpleSliderValueLabel.swift in Sources */ = {isa = PBXBuildFile; fileRef = E7EE0D7925BC0C2800638D2F /* SimpleSliderValueLabel.swift */; };
/* End PBXBuildFile section */

/* Begin PBXContainerItemProxy section */
		E7E8F42925B5A86000CEEB98 /* PBXContainerItemProxy */ = {
			isa = PBXContainerItemProxy;
			containerPortal = E7E8F40F25B5A85F00CEEB98 /* Project object */;
			proxyType = 1;
			remoteGlobalIDString = E7E8F41625B5A85F00CEEB98;
			remoteInfo = YouAndMeow;
		};
		E7E8F43425B5A86000CEEB98 /* PBXContainerItemProxy */ = {
			isa = PBXContainerItemProxy;
			containerPortal = E7E8F40F25B5A85F00CEEB98 /* Project object */;
			proxyType = 1;
			remoteGlobalIDString = E7E8F41625B5A85F00CEEB98;
			remoteInfo = YouAndMeow;
		};
/* End PBXContainerItemProxy section */

/* Begin PBXFileReference section */
		E7156BB125C17E8700B7F211 /* PlaybackButtonPanel.swift */ = {isa = PBXFileReference; lastKnownFileType = sourcecode.swift; path = PlaybackButtonPanel.swift; sourceTree = "<group>"; };
		E7156BBD25C1822600B7F211 /* TextButton.swift */ = {isa = PBXFileReference; lastKnownFileType = sourcecode.swift; path = TextButton.swift; sourceTree = "<group>"; };
		E7156BC525C1828C00B7F211 /* TextButtonLabelModifier.swift */ = {isa = PBXFileReference; lastKnownFileType = sourcecode.swift; path = TextButtonLabelModifier.swift; sourceTree = "<group>"; };
		E7156BD325C18A2D00B7F211 /* PlaybackControlPanel.swift */ = {isa = PBXFileReference; lastKnownFileType = sourcecode.swift; path = PlaybackControlPanel.swift; sourceTree = "<group>"; };
		E7156BDB25C18B5B00B7F211 /* PlaybackControlPanelViewModel.swift */ = {isa = PBXFileReference; lastKnownFileType = sourcecode.swift; path = PlaybackControlPanelViewModel.swift; sourceTree = "<group>"; };
		E775032225B75FBD00D4E9FC /* SliderBuilder.swift */ = {isa = PBXFileReference; fileEncoding = 4; lastKnownFileType = sourcecode.swift; path = SliderBuilder.swift; sourceTree = "<group>"; };
		E775032725B75FC800D4E9FC /* SliderStructureModifiers.swift */ = {isa = PBXFileReference; fileEncoding = 4; lastKnownFileType = sourcecode.swift; path = SliderStructureModifiers.swift; sourceTree = "<group>"; };
		E775032C25B75FCE00D4E9FC /* SliderComponentModifier.swift */ = {isa = PBXFileReference; fileEncoding = 4; lastKnownFileType = sourcecode.swift; path = SliderComponentModifier.swift; sourceTree = "<group>"; };
		E775033425B75FEB00D4E9FC /* RenderFunction.swift */ = {isa = PBXFileReference; fileEncoding = 4; lastKnownFileType = sourcecode.swift; path = RenderFunction.swift; sourceTree = "<group>"; };
		E7BD81D125C1E4880083FE69 /* PlaybackSetting.swift */ = {isa = PBXFileReference; lastKnownFileType = sourcecode.swift; path = PlaybackSetting.swift; sourceTree = "<group>"; };
		E7BD81DF25C1E7410083FE69 /* PlaybackSettingsPanelViewModel.swift */ = {isa = PBXFileReference; lastKnownFileType = sourcecode.swift; path = PlaybackSettingsPanelViewModel.swift; sourceTree = "<group>"; };
		E7CB413325BAF6940035E229 /* SimpleSlider.swift */ = {isa = PBXFileReference; lastKnownFileType = sourcecode.swift; path = SimpleSlider.swift; sourceTree = "<group>"; };
		E7CB414825BB03590035E229 /* SimpleSliderTrack.swift */ = {isa = PBXFileReference; lastKnownFileType = sourcecode.swift; path = SimpleSliderTrack.swift; sourceTree = "<group>"; };
		E7CB415025BB036A0035E229 /* SimpleSliderThumb.swift */ = {isa = PBXFileReference; lastKnownFileType = sourcecode.swift; path = SimpleSliderThumb.swift; sourceTree = "<group>"; };
		E7CB415825BB052F0035E229 /* SimpleSliderTrackShapeModifier.swift */ = {isa = PBXFileReference; lastKnownFileType = sourcecode.swift; path = SimpleSliderTrackShapeModifier.swift; sourceTree = "<group>"; };
		E7D9A81F25BED63A00EE072A /* PlaybackSettingsPanel.swift */ = {isa = PBXFileReference; lastKnownFileType = sourcecode.swift; path = PlaybackSettingsPanel.swift; sourceTree = "<group>"; };
		E7D9A82725BEE5F400EE072A /* PlaybackSettingType.swift */ = {isa = PBXFileReference; lastKnownFileType = sourcecode.swift; path = PlaybackSettingType.swift; sourceTree = "<group>"; };
		E7D9A82C25BEE62200EE072A /* PlaybackSettingViewModel.swift */ = {isa = PBXFileReference; lastKnownFileType = sourcecode.swift; path = PlaybackSettingViewModel.swift; sourceTree = "<group>"; };
		E7E8F41725B5A85F00CEEB98 /* YouAndMeow.app */ = {isa = PBXFileReference; explicitFileType = wrapper.application; includeInIndex = 0; path = YouAndMeow.app; sourceTree = BUILT_PRODUCTS_DIR; };
		E7E8F41A25B5A85F00CEEB98 /* YouAndMeowApp.swift */ = {isa = PBXFileReference; lastKnownFileType = sourcecode.swift; path = YouAndMeowApp.swift; sourceTree = "<group>"; };
		E7E8F41C25B5A85F00CEEB98 /* ContentView.swift */ = {isa = PBXFileReference; lastKnownFileType = sourcecode.swift; path = ContentView.swift; sourceTree = "<group>"; };
		E7E8F41E25B5A86000CEEB98 /* Assets.xcassets */ = {isa = PBXFileReference; lastKnownFileType = folder.assetcatalog; path = Assets.xcassets; sourceTree = "<group>"; };
		E7E8F42125B5A86000CEEB98 /* Preview Assets.xcassets */ = {isa = PBXFileReference; lastKnownFileType = folder.assetcatalog; path = "Preview Assets.xcassets"; sourceTree = "<group>"; };
		E7E8F42325B5A86000CEEB98 /* Info.plist */ = {isa = PBXFileReference; lastKnownFileType = text.plist.xml; path = Info.plist; sourceTree = "<group>"; };
		E7E8F42825B5A86000CEEB98 /* YouAndMeowTests.xctest */ = {isa = PBXFileReference; explicitFileType = wrapper.cfbundle; includeInIndex = 0; path = YouAndMeowTests.xctest; sourceTree = BUILT_PRODUCTS_DIR; };
		E7E8F42C25B5A86000CEEB98 /* YouAndMeowTests.swift */ = {isa = PBXFileReference; lastKnownFileType = sourcecode.swift; path = YouAndMeowTests.swift; sourceTree = "<group>"; };
		E7E8F42E25B5A86000CEEB98 /* Info.plist */ = {isa = PBXFileReference; lastKnownFileType = text.plist.xml; path = Info.plist; sourceTree = "<group>"; };
		E7E8F43325B5A86000CEEB98 /* YouAndMeowUITests.xctest */ = {isa = PBXFileReference; explicitFileType = wrapper.cfbundle; includeInIndex = 0; path = YouAndMeowUITests.xctest; sourceTree = BUILT_PRODUCTS_DIR; };
		E7E8F43725B5A86000CEEB98 /* YouAndMeowUITests.swift */ = {isa = PBXFileReference; lastKnownFileType = sourcecode.swift; path = YouAndMeowUITests.swift; sourceTree = "<group>"; };
		E7E8F43925B5A86000CEEB98 /* Info.plist */ = {isa = PBXFileReference; lastKnownFileType = text.plist.xml; path = Info.plist; sourceTree = "<group>"; };
		E7E8F44925B5A8D600CEEB98 /* SoundRepository.swift */ = {isa = PBXFileReference; fileEncoding = 4; lastKnownFileType = sourcecode.swift; path = SoundRepository.swift; sourceTree = "<group>"; };
		E7E8F44B25B5A8D600CEEB98 /* FileManager.swift */ = {isa = PBXFileReference; fileEncoding = 4; lastKnownFileType = sourcecode.swift; path = FileManager.swift; sourceTree = "<group>"; };
		E7E8F44C25B5A8D600CEEB98 /* IntervalsRepository.swift */ = {isa = PBXFileReference; fileEncoding = 4; lastKnownFileType = sourcecode.swift; path = IntervalsRepository.swift; sourceTree = "<group>"; };
		E7E8F44E25B5A8D600CEEB98 /* DataDecoder.swift */ = {isa = PBXFileReference; fileEncoding = 4; lastKnownFileType = sourcecode.swift; path = DataDecoder.swift; sourceTree = "<group>"; };
		E7E8F45825B5A8F000CEEB98 /* AudioByteBufferEngine.swift */ = {isa = PBXFileReference; fileEncoding = 4; lastKnownFileType = sourcecode.swift; path = AudioByteBufferEngine.swift; sourceTree = "<group>"; };
		E7E8F45925B5A8F000CEEB98 /* AudioBufferEngine.swift */ = {isa = PBXFileReference; fileEncoding = 4; lastKnownFileType = sourcecode.swift; path = AudioBufferEngine.swift; sourceTree = "<group>"; };
		E7E8F45A25B5A8F000CEEB98 /* AudioPCMBufferEngine.swift */ = {isa = PBXFileReference; fileEncoding = 4; lastKnownFileType = sourcecode.swift; path = AudioPCMBufferEngine.swift; sourceTree = "<group>"; };
		E7E8F45B25B5A8F000CEEB98 /* AudioPCMBufferPlayer.swift */ = {isa = PBXFileReference; fileEncoding = 4; lastKnownFileType = sourcecode.swift; path = AudioPCMBufferPlayer.swift; sourceTree = "<group>"; };
		E7E8F45C25B5A8F000CEEB98 /* AudioByteBufferPlayer.swift */ = {isa = PBXFileReference; fileEncoding = 4; lastKnownFileType = sourcecode.swift; path = AudioByteBufferPlayer.swift; sourceTree = "<group>"; };
		E7E8F45D25B5A8F000CEEB98 /* AudioBufferPlayer.swift */ = {isa = PBXFileReference; fileEncoding = 4; lastKnownFileType = sourcecode.swift; path = AudioBufferPlayer.swift; sourceTree = "<group>"; };
		E7E8F45F25B5A8F000CEEB98 /* LimitedValue.swift */ = {isa = PBXFileReference; fileEncoding = 4; lastKnownFileType = sourcecode.swift; path = LimitedValue.swift; sourceTree = "<group>"; };
		E7E8F46025B5A8F000CEEB98 /* VoidFunction.swift */ = {isa = PBXFileReference; fileEncoding = 4; lastKnownFileType = sourcecode.swift; path = VoidFunction.swift; sourceTree = "<group>"; };
		E7E8F46125B5A8F000CEEB98 /* RoundingAccuracy.swift */ = {isa = PBXFileReference; fileEncoding = 4; lastKnownFileType = sourcecode.swift; path = RoundingAccuracy.swift; sourceTree = "<group>"; };
		E7E8F46325B5A8F000CEEB98 /* MeowingFragmentManager.swift */ = {isa = PBXFileReference; fileEncoding = 4; lastKnownFileType = sourcecode.swift; path = MeowingFragmentManager.swift; sourceTree = "<group>"; };
		E7E8F46425B5A8F000CEEB98 /* BreathingFragmentManager.swift */ = {isa = PBXFileReference; fileEncoding = 4; lastKnownFileType = sourcecode.swift; path = BreathingFragmentManager.swift; sourceTree = "<group>"; };
		E7E8F46625B5A8F000CEEB98 /* BreathingSoundPlayer.swift */ = {isa = PBXFileReference; fileEncoding = 4; lastKnownFileType = sourcecode.swift; path = BreathingSoundPlayer.swift; sourceTree = "<group>"; };
		E7E8F46725B5A8F000CEEB98 /* SoundPlayer.swift */ = {isa = PBXFileReference; fileEncoding = 4; lastKnownFileType = sourcecode.swift; path = SoundPlayer.swift; sourceTree = "<group>"; };
		E7E8F46825B5A8F000CEEB98 /* MeowingSoundPlayer.swift */ = {isa = PBXFileReference; fileEncoding = 4; lastKnownFileType = sourcecode.swift; path = MeowingSoundPlayer.swift; sourceTree = "<group>"; };
		E7E8F46A25B5A8F000CEEB98 /* Array.swift */ = {isa = PBXFileReference; fileEncoding = 4; lastKnownFileType = sourcecode.swift; path = Array.swift; sourceTree = "<group>"; };
		E7E8F46B25B5A8F000CEEB98 /* Comparable.swift */ = {isa = PBXFileReference; fileEncoding = 4; lastKnownFileType = sourcecode.swift; path = Comparable.swift; sourceTree = "<group>"; };
		E7E8F46C25B5A8F000CEEB98 /* Timer.swift */ = {isa = PBXFileReference; fileEncoding = 4; lastKnownFileType = sourcecode.swift; path = Timer.swift; sourceTree = "<group>"; };
		E7E8F46D25B5A8F000CEEB98 /* BinaryFloatingPoint.swift */ = {isa = PBXFileReference; fileEncoding = 4; lastKnownFileType = sourcecode.swift; path = BinaryFloatingPoint.swift; sourceTree = "<group>"; };
		E7E8F46E25B5A8F000CEEB98 /* AVAudioEngine.swift */ = {isa = PBXFileReference; fileEncoding = 4; lastKnownFileType = sourcecode.swift; path = AVAudioEngine.swift; sourceTree = "<group>"; };
		E7E8F47025B5A8F000CEEB98 /* DistanceProcessor.swift */ = {isa = PBXFileReference; fileEncoding = 4; lastKnownFileType = sourcecode.swift; path = DistanceProcessor.swift; sourceTree = "<group>"; };
		E7E8F47225B5A8F000CEEB98 /* FragmentManagerCreator.swift */ = {isa = PBXFileReference; fileEncoding = 4; lastKnownFileType = sourcecode.swift; path = FragmentManagerCreator.swift; sourceTree = "<group>"; };
		E7E8F47325B5A8F000CEEB98 /* PlaybackControllerCreator.swift */ = {isa = PBXFileReference; fileEncoding = 4; lastKnownFileType = sourcecode.swift; path = PlaybackControllerCreator.swift; sourceTree = "<group>"; };
		E7E8F47425B5A8F000CEEB98 /* SoundPlayerCreator.swift */ = {isa = PBXFileReference; fileEncoding = 4; lastKnownFileType = sourcecode.swift; path = SoundPlayerCreator.swift; sourceTree = "<group>"; };
		E7E8F47625B5A8F000CEEB98 /* MeowingPlaybackController.swift */ = {isa = PBXFileReference; fileEncoding = 4; lastKnownFileType = sourcecode.swift; path = MeowingPlaybackController.swift; sourceTree = "<group>"; };
		E7E8F47725B5A8F000CEEB98 /* BreathingPlaybackController.swift */ = {isa = PBXFileReference; fileEncoding = 4; lastKnownFileType = sourcecode.swift; path = BreathingPlaybackController.swift; sourceTree = "<group>"; };
		E7E8F47825B5A8F000CEEB98 /* CatSoundPlaybackController.swift */ = {isa = PBXFileReference; fileEncoding = 4; lastKnownFileType = sourcecode.swift; path = CatSoundPlaybackController.swift; sourceTree = "<group>"; };
		E7E8F47A25B5A8F000CEEB98 /* BreathingPhases.swift */ = {isa = PBXFileReference; fileEncoding = 4; lastKnownFileType = sourcecode.swift; path = BreathingPhases.swift; sourceTree = "<group>"; };
		E7E8F47B25B5A8F000CEEB98 /* SoundFragment.swift */ = {isa = PBXFileReference; fileEncoding = 4; lastKnownFileType = sourcecode.swift; path = SoundFragment.swift; sourceTree = "<group>"; };
		E7E8F49D25B5A94400CEEB98 /* MeowingIntervals.plist */ = {isa = PBXFileReference; fileEncoding = 4; lastKnownFileType = text.plist.xml; path = MeowingIntervals.plist; sourceTree = "<group>"; };
		E7E8F49F25B5A94400CEEB98 /* Exhalation.m4a */ = {isa = PBXFileReference; lastKnownFileType = file; path = Exhalation.m4a; sourceTree = "<group>"; };
		E7E8F4A025B5A94400CEEB98 /* Inhalation.m4a */ = {isa = PBXFileReference; lastKnownFileType = file; path = Inhalation.m4a; sourceTree = "<group>"; };
		E7E8F4A125B5A94400CEEB98 /* Meowing.m4a */ = {isa = PBXFileReference; lastKnownFileType = file; path = Meowing.m4a; sourceTree = "<group>"; };
		E7EE0D7825BC0C2800638D2F /* SimpleSliderValueLabelTextModifier.swift */ = {isa = PBXFileReference; fileEncoding = 4; lastKnownFileType = sourcecode.swift; path = SimpleSliderValueLabelTextModifier.swift; sourceTree = "<group>"; };
		E7EE0D7925BC0C2800638D2F /* SimpleSliderValueLabel.swift */ = {isa = PBXFileReference; fileEncoding = 4; lastKnownFileType = sourcecode.swift; path = SimpleSliderValueLabel.swift; sourceTree = "<group>"; };
/* End PBXFileReference section */

/* Begin PBXFrameworksBuildPhase section */
		E7E8F41425B5A85F00CEEB98 /* Frameworks */ = {
			isa = PBXFrameworksBuildPhase;
			buildActionMask = 2147483647;
			files = (
			);
			runOnlyForDeploymentPostprocessing = 0;
		};
		E7E8F42525B5A86000CEEB98 /* Frameworks */ = {
			isa = PBXFrameworksBuildPhase;
			buildActionMask = 2147483647;
			files = (
			);
			runOnlyForDeploymentPostprocessing = 0;
		};
		E7E8F43025B5A86000CEEB98 /* Frameworks */ = {
			isa = PBXFrameworksBuildPhase;
			buildActionMask = 2147483647;
			files = (
			);
			runOnlyForDeploymentPostprocessing = 0;
		};
/* End PBXFrameworksBuildPhase section */

/* Begin PBXGroup section */
		E7156BBC25C1820F00B7F211 /* TextButton */ = {
			isa = PBXGroup;
			children = (
				E7156BBD25C1822600B7F211 /* TextButton.swift */,
				E7156BC525C1828C00B7F211 /* TextButtonLabelModifier.swift */,
			);
			path = TextButton;
			sourceTree = "<group>";
		};
		E72F723425C00BAE000B8094 /* Extensions */ = {
			isa = PBXGroup;
			children = (
				E7E8F46E25B5A8F000CEEB98 /* AVAudioEngine.swift */,
			);
			path = Extensions;
			sourceTree = "<group>";
		};
		E72F723525C00BEC000B8094 /* Types */ = {
			isa = PBXGroup;
			children = (
				E775033425B75FEB00D4E9FC /* RenderFunction.swift */,
			);
			path = Types;
			sourceTree = "<group>";
		};
		E766CE9C25BF434E00E9F0E7 /* Models */ = {
			isa = PBXGroup;
			children = (
				E7D9A82725BEE5F400EE072A /* PlaybackSettingType.swift */,
			);
			path = Models;
			sourceTree = "<group>";
		};
		E766CEA325BF442C00E9F0E7 /* ViewModels */ = {
			isa = PBXGroup;
			children = (
				E7156BDB25C18B5B00B7F211 /* PlaybackControlPanelViewModel.swift */,
				E7D9A82C25BEE62200EE072A /* PlaybackSettingViewModel.swift */,
				E7BD81DF25C1E7410083FE69 /* PlaybackSettingsPanelViewModel.swift */,
			);
			path = ViewModels;
			sourceTree = "<group>";
		};
		E773481C25BF401D004B6DF2 /* Player */ = {
			isa = PBXGroup;
			children = (
				E766CE9C25BF434E00E9F0E7 /* Models */,
				E766CEA325BF442C00E9F0E7 /* ViewModels */,
				E775032025B75F9C00D4E9FC /* Views */,
			);
			path = Player;
			sourceTree = "<group>";
		};
		E773481D25BF4032004B6DF2 /* Shared */ = {
			isa = PBXGroup;
			children = (
				E773481E25BF403D004B6DF2 /* Views */,
			);
			path = Shared;
			sourceTree = "<group>";
		};
		E773481E25BF403D004B6DF2 /* Views */ = {
			isa = PBXGroup;
			children = (
				E7CB414725BB03410035E229 /* SimpleSlider */,
				E775032125B75FA900D4E9FC /* SliderBuilder */,
				E7156BBC25C1820F00B7F211 /* TextButton */,
			);
			path = Views;
			sourceTree = "<group>";
		};
		E775031F25B75F8700D4E9FC /* UI */ = {
			isa = PBXGroup;
			children = (
				E773481C25BF401D004B6DF2 /* Player */,
				E773481D25BF4032004B6DF2 /* Shared */,
				E72F723525C00BEC000B8094 /* Types */,
			);
			path = UI;
			sourceTree = "<group>";
		};
		E775032025B75F9C00D4E9FC /* Views */ = {
			isa = PBXGroup;
			children = (
				E7156BB125C17E8700B7F211 /* PlaybackButtonPanel.swift */,
				E7156BD325C18A2D00B7F211 /* PlaybackControlPanel.swift */,
				E7D9A81F25BED63A00EE072A /* PlaybackSettingsPanel.swift */,
				E7BD81D125C1E4880083FE69 /* PlaybackSetting.swift */,
			);
			path = Views;
			sourceTree = "<group>";
		};
		E775032125B75FA900D4E9FC /* SliderBuilder */ = {
			isa = PBXGroup;
			children = (
				E775032225B75FBD00D4E9FC /* SliderBuilder.swift */,
				E775032C25B75FCE00D4E9FC /* SliderComponentModifier.swift */,
				E775032725B75FC800D4E9FC /* SliderStructureModifiers.swift */,
			);
			path = SliderBuilder;
			sourceTree = "<group>";
		};
		E7CB414725BB03410035E229 /* SimpleSlider */ = {
			isa = PBXGroup;
			children = (
				E7CB413325BAF6940035E229 /* SimpleSlider.swift */,
				E7CB415025BB036A0035E229 /* SimpleSliderThumb.swift */,
				E7CB414825BB03590035E229 /* SimpleSliderTrack.swift */,
				E7CB415825BB052F0035E229 /* SimpleSliderTrackShapeModifier.swift */,
				E7EE0D7925BC0C2800638D2F /* SimpleSliderValueLabel.swift */,
				E7EE0D7825BC0C2800638D2F /* SimpleSliderValueLabelTextModifier.swift */,
			);
			path = SimpleSlider;
			sourceTree = "<group>";
		};
		E7E8F40E25B5A85F00CEEB98 = {
			isa = PBXGroup;
			children = (
				E7E8F41925B5A85F00CEEB98 /* YouAndMeow */,
				E7E8F42B25B5A86000CEEB98 /* YouAndMeowTests */,
				E7E8F43625B5A86000CEEB98 /* YouAndMeowUITests */,
				E7E8F41825B5A85F00CEEB98 /* Products */,
			);
			sourceTree = "<group>";
		};
		E7E8F41825B5A85F00CEEB98 /* Products */ = {
			isa = PBXGroup;
			children = (
				E7E8F41725B5A85F00CEEB98 /* YouAndMeow.app */,
				E7E8F42825B5A86000CEEB98 /* YouAndMeowTests.xctest */,
				E7E8F43325B5A86000CEEB98 /* YouAndMeowUITests.xctest */,
			);
			name = Products;
			sourceTree = "<group>";
		};
		E7E8F41925B5A85F00CEEB98 /* YouAndMeow */ = {
			isa = PBXGroup;
			children = (
				E7E8F44825B5A8D600CEEB98 /* DataRepositories */,
				E7E8F46925B5A8F000CEEB98 /* Extensions */,
				E7E8F45625B5A8F000CEEB98 /* PlaybackSystem */,
				E7E8F49B25B5A94400CEEB98 /* Static */,
				E7E8F45E25B5A8F000CEEB98 /* Types */,
				E775031F25B75F8700D4E9FC /* UI */,
				E7E8F41C25B5A85F00CEEB98 /* ContentView.swift */,
				E7E8F41A25B5A85F00CEEB98 /* YouAndMeowApp.swift */,
				E7E8F42325B5A86000CEEB98 /* Info.plist */,
				E7E8F42025B5A86000CEEB98 /* Preview Content */,
			);
			path = YouAndMeow;
			sourceTree = "<group>";
		};
		E7E8F42025B5A86000CEEB98 /* Preview Content */ = {
			isa = PBXGroup;
			children = (
				E7E8F42125B5A86000CEEB98 /* Preview Assets.xcassets */,
			);
			path = "Preview Content";
			sourceTree = "<group>";
		};
		E7E8F42B25B5A86000CEEB98 /* YouAndMeowTests */ = {
			isa = PBXGroup;
			children = (
				E7E8F42C25B5A86000CEEB98 /* YouAndMeowTests.swift */,
				E7E8F42E25B5A86000CEEB98 /* Info.plist */,
			);
			path = YouAndMeowTests;
			sourceTree = "<group>";
		};
		E7E8F43625B5A86000CEEB98 /* YouAndMeowUITests */ = {
			isa = PBXGroup;
			children = (
				E7E8F43725B5A86000CEEB98 /* YouAndMeowUITests.swift */,
				E7E8F43925B5A86000CEEB98 /* Info.plist */,
			);
			path = YouAndMeowUITests;
			sourceTree = "<group>";
		};
		E7E8F44825B5A8D600CEEB98 /* DataRepositories */ = {
			isa = PBXGroup;
			children = (
				E7E8F44D25B5A8D600CEEB98 /* Decoders */,
				E7E8F44A25B5A8D600CEEB98 /* Managers */,
				E7E8F44C25B5A8D600CEEB98 /* IntervalsRepository.swift */,
				E7E8F44925B5A8D600CEEB98 /* SoundRepository.swift */,
			);
			path = DataRepositories;
			sourceTree = "<group>";
		};
		E7E8F44A25B5A8D600CEEB98 /* Managers */ = {
			isa = PBXGroup;
			children = (
				E7E8F44B25B5A8D600CEEB98 /* FileManager.swift */,
			);
			path = Managers;
			sourceTree = "<group>";
		};
		E7E8F44D25B5A8D600CEEB98 /* Decoders */ = {
			isa = PBXGroup;
			children = (
				E7E8F44E25B5A8D600CEEB98 /* DataDecoder.swift */,
			);
			path = Decoders;
			sourceTree = "<group>";
		};
		E7E8F45625B5A8F000CEEB98 /* PlaybackSystem */ = {
			isa = PBXGroup;
			children = (
				E7E8F45725B5A8F000CEEB98 /* AudioEngines */,
				E7E8F47525B5A8F000CEEB98 /* Controllers */,
				E7E8F47125B5A8F000CEEB98 /* Creators */,
				E7E8F47925B5A8F000CEEB98 /* Entities */,
				E72F723425C00BAE000B8094 /* Extensions */,
				E7E8F46225B5A8F000CEEB98 /* Managers */,
				E7E8F46F25B5A8F000CEEB98 /* Processors */,
				E7E8F46525B5A8F000CEEB98 /* SoundPlayers */,
			);
			path = PlaybackSystem;
			sourceTree = "<group>";
		};
		E7E8F45725B5A8F000CEEB98 /* AudioEngines */ = {
			isa = PBXGroup;
			children = (
				E7E8F45925B5A8F000CEEB98 /* AudioBufferEngine.swift */,
				E7E8F45D25B5A8F000CEEB98 /* AudioBufferPlayer.swift */,
				E7E8F45825B5A8F000CEEB98 /* AudioByteBufferEngine.swift */,
				E7E8F45C25B5A8F000CEEB98 /* AudioByteBufferPlayer.swift */,
				E7E8F45A25B5A8F000CEEB98 /* AudioPCMBufferEngine.swift */,
				E7E8F45B25B5A8F000CEEB98 /* AudioPCMBufferPlayer.swift */,
			);
			path = AudioEngines;
			sourceTree = "<group>";
		};
		E7E8F45E25B5A8F000CEEB98 /* Types */ = {
			isa = PBXGroup;
			children = (
				E7E8F45F25B5A8F000CEEB98 /* LimitedValue.swift */,
				E7E8F46125B5A8F000CEEB98 /* RoundingAccuracy.swift */,
				E7E8F46025B5A8F000CEEB98 /* VoidFunction.swift */,
			);
			path = Types;
			sourceTree = "<group>";
		};
		E7E8F46225B5A8F000CEEB98 /* Managers */ = {
			isa = PBXGroup;
			children = (
				E7E8F46425B5A8F000CEEB98 /* BreathingFragmentManager.swift */,
				E7E8F46325B5A8F000CEEB98 /* MeowingFragmentManager.swift */,
			);
			path = Managers;
			sourceTree = "<group>";
		};
		E7E8F46525B5A8F000CEEB98 /* SoundPlayers */ = {
			isa = PBXGroup;
			children = (
				E7E8F46625B5A8F000CEEB98 /* BreathingSoundPlayer.swift */,
				E7E8F46825B5A8F000CEEB98 /* MeowingSoundPlayer.swift */,
				E7E8F46725B5A8F000CEEB98 /* SoundPlayer.swift */,
			);
			path = SoundPlayers;
			sourceTree = "<group>";
		};
		E7E8F46925B5A8F000CEEB98 /* Extensions */ = {
			isa = PBXGroup;
			children = (
				E7E8F46A25B5A8F000CEEB98 /* Array.swift */,
				E7E8F46D25B5A8F000CEEB98 /* BinaryFloatingPoint.swift */,
				E7E8F46B25B5A8F000CEEB98 /* Comparable.swift */,
				E7E8F46C25B5A8F000CEEB98 /* Timer.swift */,
			);
			path = Extensions;
			sourceTree = "<group>";
		};
		E7E8F46F25B5A8F000CEEB98 /* Processors */ = {
			isa = PBXGroup;
			children = (
				E7E8F47025B5A8F000CEEB98 /* DistanceProcessor.swift */,
			);
			path = Processors;
			sourceTree = "<group>";
		};
		E7E8F47125B5A8F000CEEB98 /* Creators */ = {
			isa = PBXGroup;
			children = (
				E7E8F47225B5A8F000CEEB98 /* FragmentManagerCreator.swift */,
				E7E8F47325B5A8F000CEEB98 /* PlaybackControllerCreator.swift */,
				E7E8F47425B5A8F000CEEB98 /* SoundPlayerCreator.swift */,
			);
			path = Creators;
			sourceTree = "<group>";
		};
		E7E8F47525B5A8F000CEEB98 /* Controllers */ = {
			isa = PBXGroup;
			children = (
				E7E8F47725B5A8F000CEEB98 /* BreathingPlaybackController.swift */,
				E7E8F47825B5A8F000CEEB98 /* CatSoundPlaybackController.swift */,
				E7E8F47625B5A8F000CEEB98 /* MeowingPlaybackController.swift */,
			);
			path = Controllers;
			sourceTree = "<group>";
		};
		E7E8F47925B5A8F000CEEB98 /* Entities */ = {
			isa = PBXGroup;
			children = (
				E7E8F47A25B5A8F000CEEB98 /* BreathingPhases.swift */,
				E7E8F47B25B5A8F000CEEB98 /* SoundFragment.swift */,
			);
			path = Entities;
			sourceTree = "<group>";
		};
		E7E8F49B25B5A94400CEEB98 /* Static */ = {
			isa = PBXGroup;
			children = (
				E7E8F49C25B5A94400CEEB98 /* Intervals */,
				E7E8F49E25B5A94400CEEB98 /* Sounds */,
				E7E8F41E25B5A86000CEEB98 /* Assets.xcassets */,
			);
			path = Static;
			sourceTree = "<group>";
		};
		E7E8F49C25B5A94400CEEB98 /* Intervals */ = {
			isa = PBXGroup;
			children = (
				E7E8F49D25B5A94400CEEB98 /* MeowingIntervals.plist */,
			);
			path = Intervals;
			sourceTree = "<group>";
		};
		E7E8F49E25B5A94400CEEB98 /* Sounds */ = {
			isa = PBXGroup;
			children = (
				E7E8F49F25B5A94400CEEB98 /* Exhalation.m4a */,
				E7E8F4A025B5A94400CEEB98 /* Inhalation.m4a */,
				E7E8F4A125B5A94400CEEB98 /* Meowing.m4a */,
			);
			path = Sounds;
			sourceTree = "<group>";
		};
/* End PBXGroup section */

/* Begin PBXNativeTarget section */
		E7E8F41625B5A85F00CEEB98 /* YouAndMeow */ = {
			isa = PBXNativeTarget;
			buildConfigurationList = E7E8F43C25B5A86000CEEB98 /* Build configuration list for PBXNativeTarget "YouAndMeow" */;
			buildPhases = (
				E7E8F41325B5A85F00CEEB98 /* Sources */,
				E7E8F41425B5A85F00CEEB98 /* Frameworks */,
				E7E8F41525B5A85F00CEEB98 /* Resources */,
			);
			buildRules = (
			);
			dependencies = (
			);
			name = YouAndMeow;
			productName = YouAndMeow;
			productReference = E7E8F41725B5A85F00CEEB98 /* YouAndMeow.app */;
			productType = "com.apple.product-type.application";
		};
		E7E8F42725B5A86000CEEB98 /* YouAndMeowTests */ = {
			isa = PBXNativeTarget;
			buildConfigurationList = E7E8F43F25B5A86000CEEB98 /* Build configuration list for PBXNativeTarget "YouAndMeowTests" */;
			buildPhases = (
				E7E8F42425B5A86000CEEB98 /* Sources */,
				E7E8F42525B5A86000CEEB98 /* Frameworks */,
				E7E8F42625B5A86000CEEB98 /* Resources */,
			);
			buildRules = (
			);
			dependencies = (
				E7E8F42A25B5A86000CEEB98 /* PBXTargetDependency */,
			);
			name = YouAndMeowTests;
			productName = YouAndMeowTests;
			productReference = E7E8F42825B5A86000CEEB98 /* YouAndMeowTests.xctest */;
			productType = "com.apple.product-type.bundle.unit-test";
		};
		E7E8F43225B5A86000CEEB98 /* YouAndMeowUITests */ = {
			isa = PBXNativeTarget;
			buildConfigurationList = E7E8F44225B5A86000CEEB98 /* Build configuration list for PBXNativeTarget "YouAndMeowUITests" */;
			buildPhases = (
				E7E8F42F25B5A86000CEEB98 /* Sources */,
				E7E8F43025B5A86000CEEB98 /* Frameworks */,
				E7E8F43125B5A86000CEEB98 /* Resources */,
			);
			buildRules = (
			);
			dependencies = (
				E7E8F43525B5A86000CEEB98 /* PBXTargetDependency */,
			);
			name = YouAndMeowUITests;
			productName = YouAndMeowUITests;
			productReference = E7E8F43325B5A86000CEEB98 /* YouAndMeowUITests.xctest */;
			productType = "com.apple.product-type.bundle.ui-testing";
		};
/* End PBXNativeTarget section */

/* Begin PBXProject section */
		E7E8F40F25B5A85F00CEEB98 /* Project object */ = {
			isa = PBXProject;
			attributes = {
				LastSwiftUpdateCheck = 1230;
				LastUpgradeCheck = 1230;
				TargetAttributes = {
					E7E8F41625B5A85F00CEEB98 = {
						CreatedOnToolsVersion = 12.3;
					};
					E7E8F42725B5A86000CEEB98 = {
						CreatedOnToolsVersion = 12.3;
						TestTargetID = E7E8F41625B5A85F00CEEB98;
					};
					E7E8F43225B5A86000CEEB98 = {
						CreatedOnToolsVersion = 12.3;
						TestTargetID = E7E8F41625B5A85F00CEEB98;
					};
				};
			};
			buildConfigurationList = E7E8F41225B5A85F00CEEB98 /* Build configuration list for PBXProject "YouAndMeow" */;
			compatibilityVersion = "Xcode 9.3";
			developmentRegion = en;
			hasScannedForEncodings = 0;
			knownRegions = (
				en,
				Base,
			);
			mainGroup = E7E8F40E25B5A85F00CEEB98;
			productRefGroup = E7E8F41825B5A85F00CEEB98 /* Products */;
			projectDirPath = "";
			projectRoot = "";
			targets = (
				E7E8F41625B5A85F00CEEB98 /* YouAndMeow */,
				E7E8F42725B5A86000CEEB98 /* YouAndMeowTests */,
				E7E8F43225B5A86000CEEB98 /* YouAndMeowUITests */,
			);
		};
/* End PBXProject section */

/* Begin PBXResourcesBuildPhase section */
		E7E8F41525B5A85F00CEEB98 /* Resources */ = {
			isa = PBXResourcesBuildPhase;
			buildActionMask = 2147483647;
			files = (
				E7E8F4A425B5A94400CEEB98 /* Inhalation.m4a in Resources */,
				E7E8F42225B5A86000CEEB98 /* Preview Assets.xcassets in Resources */,
				E7E8F41F25B5A86000CEEB98 /* Assets.xcassets in Resources */,
				E7E8F4A525B5A94400CEEB98 /* Meowing.m4a in Resources */,
				E7E8F4A225B5A94400CEEB98 /* MeowingIntervals.plist in Resources */,
				E7E8F4A325B5A94400CEEB98 /* Exhalation.m4a in Resources */,
			);
			runOnlyForDeploymentPostprocessing = 0;
		};
		E7E8F42625B5A86000CEEB98 /* Resources */ = {
			isa = PBXResourcesBuildPhase;
			buildActionMask = 2147483647;
			files = (
			);
			runOnlyForDeploymentPostprocessing = 0;
		};
		E7E8F43125B5A86000CEEB98 /* Resources */ = {
			isa = PBXResourcesBuildPhase;
			buildActionMask = 2147483647;
			files = (
			);
			runOnlyForDeploymentPostprocessing = 0;
		};
/* End PBXResourcesBuildPhase section */

/* Begin PBXSourcesBuildPhase section */
		E7E8F41325B5A85F00CEEB98 /* Sources */ = {
			isa = PBXSourcesBuildPhase;
			buildActionMask = 2147483647;
			files = (
				E7E8F48425B5A8F000CEEB98 /* RoundingAccuracy.swift in Sources */,
				E7E8F48B25B5A8F000CEEB98 /* Comparable.swift in Sources */,
				E7E8F45225B5A8D700CEEB98 /* DataDecoder.swift in Sources */,
				E7E8F49325B5A8F000CEEB98 /* MeowingPlaybackController.swift in Sources */,
				E7CB415925BB052F0035E229 /* SimpleSliderTrackShapeModifier.swift in Sources */,
				E7D9A82D25BEE62200EE072A /* PlaybackSettingViewModel.swift in Sources */,
				E7CB414925BB03590035E229 /* SimpleSliderTrack.swift in Sources */,
				E7E8F48625B5A8F000CEEB98 /* BreathingFragmentManager.swift in Sources */,
				E7E8F48925B5A8F000CEEB98 /* MeowingSoundPlayer.swift in Sources */,
				E7E8F41D25B5A85F00CEEB98 /* ContentView.swift in Sources */,
				E7156BDC25C18B5B00B7F211 /* PlaybackControlPanelViewModel.swift in Sources */,
				E7D9A82825BEE5F400EE072A /* PlaybackSettingType.swift in Sources */,
				E7E8F47F25B5A8F000CEEB98 /* AudioPCMBufferPlayer.swift in Sources */,
				E7156BC625C1828C00B7F211 /* TextButtonLabelModifier.swift in Sources */,
				E7E8F49025B5A8F000CEEB98 /* FragmentManagerCreator.swift in Sources */,
				E7E8F49725B5A8F000CEEB98 /* SoundFragment.swift in Sources */,
				E7E8F41B25B5A85F00CEEB98 /* YouAndMeowApp.swift in Sources */,
				E7E8F49125B5A8F000CEEB98 /* PlaybackControllerCreator.swift in Sources */,
				E7E8F48E25B5A8F000CEEB98 /* AVAudioEngine.swift in Sources */,
				E7E8F44F25B5A8D700CEEB98 /* SoundRepository.swift in Sources */,
				E7E8F48825B5A8F000CEEB98 /* SoundPlayer.swift in Sources */,
				E775032325B75FBD00D4E9FC /* SliderBuilder.swift in Sources */,
				E7EE0D7A25BC0C2800638D2F /* SimpleSliderValueLabelTextModifier.swift in Sources */,
				E7E8F49525B5A8F000CEEB98 /* CatSoundPlaybackController.swift in Sources */,
				E7E8F48A25B5A8F000CEEB98 /* Array.swift in Sources */,
				E7D9A82025BED63A00EE072A /* PlaybackSettingsPanel.swift in Sources */,
				E7E8F48225B5A8F000CEEB98 /* LimitedValue.swift in Sources */,
				E7E8F47D25B5A8F000CEEB98 /* AudioBufferEngine.swift in Sources */,
				E7E8F49225B5A8F000CEEB98 /* SoundPlayerCreator.swift in Sources */,
				E7CB415125BB036A0035E229 /* SimpleSliderThumb.swift in Sources */,
				E7CB413425BAF6940035E229 /* SimpleSlider.swift in Sources */,
				E775032D25B75FCE00D4E9FC /* SliderComponentModifier.swift in Sources */,
				E7156BBE25C1822600B7F211 /* TextButton.swift in Sources */,
				E7E8F47E25B5A8F000CEEB98 /* AudioPCMBufferEngine.swift in Sources */,
				E7156BD425C18A2D00B7F211 /* PlaybackControlPanel.swift in Sources */,
				E775032825B75FC800D4E9FC /* SliderStructureModifiers.swift in Sources */,
				E7E8F47C25B5A8F000CEEB98 /* AudioByteBufferEngine.swift in Sources */,
				E7E8F48D25B5A8F000CEEB98 /* BinaryFloatingPoint.swift in Sources */,
				E7E8F48325B5A8F000CEEB98 /* VoidFunction.swift in Sources */,
				E7BD81E025C1E7410083FE69 /* PlaybackSettingsPanelViewModel.swift in Sources */,
				E7E8F48025B5A8F000CEEB98 /* AudioByteBufferPlayer.swift in Sources */,
				E7E8F49425B5A8F000CEEB98 /* BreathingPlaybackController.swift in Sources */,
				E7E8F48725B5A8F000CEEB98 /* BreathingSoundPlayer.swift in Sources */,
				E7E8F49625B5A8F000CEEB98 /* BreathingPhases.swift in Sources */,
				E7156BB225C17E8700B7F211 /* PlaybackButtonPanel.swift in Sources */,
				E7E8F48525B5A8F000CEEB98 /* MeowingFragmentManager.swift in Sources */,
				E7E8F45125B5A8D700CEEB98 /* IntervalsRepository.swift in Sources */,
				E7E8F45025B5A8D700CEEB98 /* FileManager.swift in Sources */,
				E7E8F48125B5A8F000CEEB98 /* AudioBufferPlayer.swift in Sources */,
				E7E8F48C25B5A8F000CEEB98 /* Timer.swift in Sources */,
				E7E8F48F25B5A8F000CEEB98 /* DistanceProcessor.swift in Sources */,
				E775033525B75FEB00D4E9FC /* RenderFunction.swift in Sources */,
				E7EE0D7B25BC0C2800638D2F /* SimpleSliderValueLabel.swift in Sources */,
				E7BD81D225C1E4880083FE69 /* PlaybackSetting.swift in Sources */,
			);
			runOnlyForDeploymentPostprocessing = 0;
		};
		E7E8F42425B5A86000CEEB98 /* Sources */ = {
			isa = PBXSourcesBuildPhase;
			buildActionMask = 2147483647;
			files = (
				E7E8F42D25B5A86000CEEB98 /* YouAndMeowTests.swift in Sources */,
			);
			runOnlyForDeploymentPostprocessing = 0;
		};
		E7E8F42F25B5A86000CEEB98 /* Sources */ = {
			isa = PBXSourcesBuildPhase;
			buildActionMask = 2147483647;
			files = (
				E7E8F43825B5A86000CEEB98 /* YouAndMeowUITests.swift in Sources */,
			);
			runOnlyForDeploymentPostprocessing = 0;
		};
/* End PBXSourcesBuildPhase section */

/* Begin PBXTargetDependency section */
		E7E8F42A25B5A86000CEEB98 /* PBXTargetDependency */ = {
			isa = PBXTargetDependency;
			target = E7E8F41625B5A85F00CEEB98 /* YouAndMeow */;
			targetProxy = E7E8F42925B5A86000CEEB98 /* PBXContainerItemProxy */;
		};
		E7E8F43525B5A86000CEEB98 /* PBXTargetDependency */ = {
			isa = PBXTargetDependency;
			target = E7E8F41625B5A85F00CEEB98 /* YouAndMeow */;
			targetProxy = E7E8F43425B5A86000CEEB98 /* PBXContainerItemProxy */;
		};
/* End PBXTargetDependency section */

/* Begin XCBuildConfiguration section */
		E7E8F43A25B5A86000CEEB98 /* Debug */ = {
			isa = XCBuildConfiguration;
			buildSettings = {
				ALWAYS_SEARCH_USER_PATHS = NO;
				CLANG_ANALYZER_NONNULL = YES;
				CLANG_ANALYZER_NUMBER_OBJECT_CONVERSION = YES_AGGRESSIVE;
				CLANG_CXX_LANGUAGE_STANDARD = "gnu++14";
				CLANG_CXX_LIBRARY = "libc++";
				CLANG_ENABLE_MODULES = YES;
				CLANG_ENABLE_OBJC_ARC = YES;
				CLANG_ENABLE_OBJC_WEAK = YES;
				CLANG_WARN_BLOCK_CAPTURE_AUTORELEASING = YES;
				CLANG_WARN_BOOL_CONVERSION = YES;
				CLANG_WARN_COMMA = YES;
				CLANG_WARN_CONSTANT_CONVERSION = YES;
				CLANG_WARN_DEPRECATED_OBJC_IMPLEMENTATIONS = YES;
				CLANG_WARN_DIRECT_OBJC_ISA_USAGE = YES_ERROR;
				CLANG_WARN_DOCUMENTATION_COMMENTS = YES;
				CLANG_WARN_EMPTY_BODY = YES;
				CLANG_WARN_ENUM_CONVERSION = YES;
				CLANG_WARN_INFINITE_RECURSION = YES;
				CLANG_WARN_INT_CONVERSION = YES;
				CLANG_WARN_NON_LITERAL_NULL_CONVERSION = YES;
				CLANG_WARN_OBJC_IMPLICIT_RETAIN_SELF = YES;
				CLANG_WARN_OBJC_LITERAL_CONVERSION = YES;
				CLANG_WARN_OBJC_ROOT_CLASS = YES_ERROR;
				CLANG_WARN_QUOTED_INCLUDE_IN_FRAMEWORK_HEADER = YES;
				CLANG_WARN_RANGE_LOOP_ANALYSIS = YES;
				CLANG_WARN_STRICT_PROTOTYPES = YES;
				CLANG_WARN_SUSPICIOUS_MOVE = YES;
				CLANG_WARN_UNGUARDED_AVAILABILITY = YES_AGGRESSIVE;
				CLANG_WARN_UNREACHABLE_CODE = YES;
				CLANG_WARN__DUPLICATE_METHOD_MATCH = YES;
				COPY_PHASE_STRIP = NO;
				DEBUG_INFORMATION_FORMAT = dwarf;
				ENABLE_STRICT_OBJC_MSGSEND = YES;
				ENABLE_TESTABILITY = YES;
				GCC_C_LANGUAGE_STANDARD = gnu11;
				GCC_DYNAMIC_NO_PIC = NO;
				GCC_NO_COMMON_BLOCKS = YES;
				GCC_OPTIMIZATION_LEVEL = 0;
				GCC_PREPROCESSOR_DEFINITIONS = (
					"DEBUG=1",
					"$(inherited)",
				);
				GCC_WARN_64_TO_32_BIT_CONVERSION = YES;
				GCC_WARN_ABOUT_RETURN_TYPE = YES_ERROR;
				GCC_WARN_UNDECLARED_SELECTOR = YES;
				GCC_WARN_UNINITIALIZED_AUTOS = YES_AGGRESSIVE;
				GCC_WARN_UNUSED_FUNCTION = YES;
				GCC_WARN_UNUSED_VARIABLE = YES;
				IPHONEOS_DEPLOYMENT_TARGET = 14.3;
				MTL_ENABLE_DEBUG_INFO = INCLUDE_SOURCE;
				MTL_FAST_MATH = YES;
				ONLY_ACTIVE_ARCH = YES;
				SDKROOT = iphoneos;
				SWIFT_ACTIVE_COMPILATION_CONDITIONS = DEBUG;
				SWIFT_OPTIMIZATION_LEVEL = "-Onone";
			};
			name = Debug;
		};
		E7E8F43B25B5A86000CEEB98 /* Release */ = {
			isa = XCBuildConfiguration;
			buildSettings = {
				ALWAYS_SEARCH_USER_PATHS = NO;
				CLANG_ANALYZER_NONNULL = YES;
				CLANG_ANALYZER_NUMBER_OBJECT_CONVERSION = YES_AGGRESSIVE;
				CLANG_CXX_LANGUAGE_STANDARD = "gnu++14";
				CLANG_CXX_LIBRARY = "libc++";
				CLANG_ENABLE_MODULES = YES;
				CLANG_ENABLE_OBJC_ARC = YES;
				CLANG_ENABLE_OBJC_WEAK = YES;
				CLANG_WARN_BLOCK_CAPTURE_AUTORELEASING = YES;
				CLANG_WARN_BOOL_CONVERSION = YES;
				CLANG_WARN_COMMA = YES;
				CLANG_WARN_CONSTANT_CONVERSION = YES;
				CLANG_WARN_DEPRECATED_OBJC_IMPLEMENTATIONS = YES;
				CLANG_WARN_DIRECT_OBJC_ISA_USAGE = YES_ERROR;
				CLANG_WARN_DOCUMENTATION_COMMENTS = YES;
				CLANG_WARN_EMPTY_BODY = YES;
				CLANG_WARN_ENUM_CONVERSION = YES;
				CLANG_WARN_INFINITE_RECURSION = YES;
				CLANG_WARN_INT_CONVERSION = YES;
				CLANG_WARN_NON_LITERAL_NULL_CONVERSION = YES;
				CLANG_WARN_OBJC_IMPLICIT_RETAIN_SELF = YES;
				CLANG_WARN_OBJC_LITERAL_CONVERSION = YES;
				CLANG_WARN_OBJC_ROOT_CLASS = YES_ERROR;
				CLANG_WARN_QUOTED_INCLUDE_IN_FRAMEWORK_HEADER = YES;
				CLANG_WARN_RANGE_LOOP_ANALYSIS = YES;
				CLANG_WARN_STRICT_PROTOTYPES = YES;
				CLANG_WARN_SUSPICIOUS_MOVE = YES;
				CLANG_WARN_UNGUARDED_AVAILABILITY = YES_AGGRESSIVE;
				CLANG_WARN_UNREACHABLE_CODE = YES;
				CLANG_WARN__DUPLICATE_METHOD_MATCH = YES;
				COPY_PHASE_STRIP = NO;
				DEBUG_INFORMATION_FORMAT = "dwarf-with-dsym";
				ENABLE_NS_ASSERTIONS = NO;
				ENABLE_STRICT_OBJC_MSGSEND = YES;
				GCC_C_LANGUAGE_STANDARD = gnu11;
				GCC_NO_COMMON_BLOCKS = YES;
				GCC_WARN_64_TO_32_BIT_CONVERSION = YES;
				GCC_WARN_ABOUT_RETURN_TYPE = YES_ERROR;
				GCC_WARN_UNDECLARED_SELECTOR = YES;
				GCC_WARN_UNINITIALIZED_AUTOS = YES_AGGRESSIVE;
				GCC_WARN_UNUSED_FUNCTION = YES;
				GCC_WARN_UNUSED_VARIABLE = YES;
				IPHONEOS_DEPLOYMENT_TARGET = 14.3;
				MTL_ENABLE_DEBUG_INFO = NO;
				MTL_FAST_MATH = YES;
				SDKROOT = iphoneos;
				SWIFT_COMPILATION_MODE = wholemodule;
				SWIFT_OPTIMIZATION_LEVEL = "-O";
				VALIDATE_PRODUCT = YES;
			};
			name = Release;
		};
		E7E8F43D25B5A86000CEEB98 /* Debug */ = {
			isa = XCBuildConfiguration;
			buildSettings = {
				ASSETCATALOG_COMPILER_APPICON_NAME = AppIcon;
				ASSETCATALOG_COMPILER_GLOBAL_ACCENT_COLOR_NAME = AccentColor;
				CODE_SIGN_STYLE = Automatic;
				DEVELOPMENT_ASSET_PATHS = "\"YouAndMeow/Preview Content\"";
				DEVELOPMENT_TEAM = R4VKC85W43;
				ENABLE_PREVIEWS = YES;
				INFOPLIST_FILE = YouAndMeow/Info.plist;
				IPHONEOS_DEPLOYMENT_TARGET = 14.0;
				LD_RUNPATH_SEARCH_PATHS = (
					"$(inherited)",
					"@executable_path/Frameworks",
				);
				PRODUCT_BUNDLE_IDENTIFIER = BarsukinSyn.YouAndMeow;
				PRODUCT_NAME = "$(TARGET_NAME)";
				SWIFT_VERSION = 5.0;
				TARGETED_DEVICE_FAMILY = "1,2";
			};
			name = Debug;
		};
		E7E8F43E25B5A86000CEEB98 /* Release */ = {
			isa = XCBuildConfiguration;
			buildSettings = {
				ASSETCATALOG_COMPILER_APPICON_NAME = AppIcon;
				ASSETCATALOG_COMPILER_GLOBAL_ACCENT_COLOR_NAME = AccentColor;
				CODE_SIGN_STYLE = Automatic;
				DEVELOPMENT_ASSET_PATHS = "\"YouAndMeow/Preview Content\"";
				DEVELOPMENT_TEAM = R4VKC85W43;
				ENABLE_PREVIEWS = YES;
				INFOPLIST_FILE = YouAndMeow/Info.plist;
				IPHONEOS_DEPLOYMENT_TARGET = 14.0;
				LD_RUNPATH_SEARCH_PATHS = (
					"$(inherited)",
					"@executable_path/Frameworks",
				);
				PRODUCT_BUNDLE_IDENTIFIER = BarsukinSyn.YouAndMeow;
				PRODUCT_NAME = "$(TARGET_NAME)";
				SWIFT_VERSION = 5.0;
				TARGETED_DEVICE_FAMILY = "1,2";
			};
			name = Release;
		};
		E7E8F44025B5A86000CEEB98 /* Debug */ = {
			isa = XCBuildConfiguration;
			buildSettings = {
				ALWAYS_EMBED_SWIFT_STANDARD_LIBRARIES = YES;
				BUNDLE_LOADER = "$(TEST_HOST)";
				CODE_SIGN_STYLE = Automatic;
				DEVELOPMENT_TEAM = R4VKC85W43;
				INFOPLIST_FILE = YouAndMeowTests/Info.plist;
				IPHONEOS_DEPLOYMENT_TARGET = 14.0;
				LD_RUNPATH_SEARCH_PATHS = (
					"$(inherited)",
					"@executable_path/Frameworks",
					"@loader_path/Frameworks",
				);
				PRODUCT_BUNDLE_IDENTIFIER = BarsukinSyn.YouAndMeowTests;
				PRODUCT_NAME = "$(TARGET_NAME)";
				SWIFT_VERSION = 5.0;
				TARGETED_DEVICE_FAMILY = "1,2";
				TEST_HOST = "$(BUILT_PRODUCTS_DIR)/YouAndMeow.app/YouAndMeow";
			};
			name = Debug;
		};
		E7E8F44125B5A86000CEEB98 /* Release */ = {
			isa = XCBuildConfiguration;
			buildSettings = {
				ALWAYS_EMBED_SWIFT_STANDARD_LIBRARIES = YES;
				BUNDLE_LOADER = "$(TEST_HOST)";
				CODE_SIGN_STYLE = Automatic;
				DEVELOPMENT_TEAM = R4VKC85W43;
				INFOPLIST_FILE = YouAndMeowTests/Info.plist;
				IPHONEOS_DEPLOYMENT_TARGET = 14.0;
				LD_RUNPATH_SEARCH_PATHS = (
					"$(inherited)",
					"@executable_path/Frameworks",
					"@loader_path/Frameworks",
				);
				PRODUCT_BUNDLE_IDENTIFIER = BarsukinSyn.YouAndMeowTests;
				PRODUCT_NAME = "$(TARGET_NAME)";
				SWIFT_VERSION = 5.0;
				TARGETED_DEVICE_FAMILY = "1,2";
				TEST_HOST = "$(BUILT_PRODUCTS_DIR)/YouAndMeow.app/YouAndMeow";
			};
			name = Release;
		};
		E7E8F44325B5A86000CEEB98 /* Debug */ = {
			isa = XCBuildConfiguration;
			buildSettings = {
				ALWAYS_EMBED_SWIFT_STANDARD_LIBRARIES = YES;
				CODE_SIGN_STYLE = Automatic;
				DEVELOPMENT_TEAM = R4VKC85W43;
				INFOPLIST_FILE = YouAndMeowUITests/Info.plist;
				LD_RUNPATH_SEARCH_PATHS = (
					"$(inherited)",
					"@executable_path/Frameworks",
					"@loader_path/Frameworks",
				);
				PRODUCT_BUNDLE_IDENTIFIER = BarsukinSyn.YouAndMeowUITests;
				PRODUCT_NAME = "$(TARGET_NAME)";
				SWIFT_VERSION = 5.0;
				TARGETED_DEVICE_FAMILY = "1,2";
				TEST_TARGET_NAME = YouAndMeow;
			};
			name = Debug;
		};
		E7E8F44425B5A86000CEEB98 /* Release */ = {
			isa = XCBuildConfiguration;
			buildSettings = {
				ALWAYS_EMBED_SWIFT_STANDARD_LIBRARIES = YES;
				CODE_SIGN_STYLE = Automatic;
				DEVELOPMENT_TEAM = R4VKC85W43;
				INFOPLIST_FILE = YouAndMeowUITests/Info.plist;
				LD_RUNPATH_SEARCH_PATHS = (
					"$(inherited)",
					"@executable_path/Frameworks",
					"@loader_path/Frameworks",
				);
				PRODUCT_BUNDLE_IDENTIFIER = BarsukinSyn.YouAndMeowUITests;
				PRODUCT_NAME = "$(TARGET_NAME)";
				SWIFT_VERSION = 5.0;
				TARGETED_DEVICE_FAMILY = "1,2";
				TEST_TARGET_NAME = YouAndMeow;
			};
			name = Release;
		};
/* End XCBuildConfiguration section */

/* Begin XCConfigurationList section */
		E7E8F41225B5A85F00CEEB98 /* Build configuration list for PBXProject "YouAndMeow" */ = {
			isa = XCConfigurationList;
			buildConfigurations = (
				E7E8F43A25B5A86000CEEB98 /* Debug */,
				E7E8F43B25B5A86000CEEB98 /* Release */,
			);
			defaultConfigurationIsVisible = 0;
			defaultConfigurationName = Release;
		};
		E7E8F43C25B5A86000CEEB98 /* Build configuration list for PBXNativeTarget "YouAndMeow" */ = {
			isa = XCConfigurationList;
			buildConfigurations = (
				E7E8F43D25B5A86000CEEB98 /* Debug */,
				E7E8F43E25B5A86000CEEB98 /* Release */,
			);
			defaultConfigurationIsVisible = 0;
			defaultConfigurationName = Release;
		};
		E7E8F43F25B5A86000CEEB98 /* Build configuration list for PBXNativeTarget "YouAndMeowTests" */ = {
			isa = XCConfigurationList;
			buildConfigurations = (
				E7E8F44025B5A86000CEEB98 /* Debug */,
				E7E8F44125B5A86000CEEB98 /* Release */,
			);
			defaultConfigurationIsVisible = 0;
			defaultConfigurationName = Release;
		};
		E7E8F44225B5A86000CEEB98 /* Build configuration list for PBXNativeTarget "YouAndMeowUITests" */ = {
			isa = XCConfigurationList;
			buildConfigurations = (
				E7E8F44325B5A86000CEEB98 /* Debug */,
				E7E8F44425B5A86000CEEB98 /* Release */,
			);
			defaultConfigurationIsVisible = 0;
			defaultConfigurationName = Release;
		};
/* End XCConfigurationList section */
	};
	rootObject = E7E8F40F25B5A85F00CEEB98 /* Project object */;
}
