// !$*UTF8*$!
{
	archiveVersion = 1;
	classes = {
	};
	objectVersion = 50;
	objects = {

/* Begin PBXBuildFile section */
		E7160D6A24F032FF000B6825 /* RoundingAccuracy.swift in Sources */ = {isa = PBXBuildFile; fileRef = E7160D6924F032FF000B6825 /* RoundingAccuracy.swift */; };
		E718445124B4D1CE00839475 /* BreathingFragmentManager.swift in Sources */ = {isa = PBXBuildFile; fileRef = E718445024B4D1CE00839475 /* BreathingFragmentManager.swift */; };
		E72D476124A6016C00A2FB8A /* Source.swift in Sources */ = {isa = PBXBuildFile; fileRef = E72D476024A6016C00A2FB8A /* Source.swift */; };
		E72D476524A60E3400A2FB8A /* SoundPlayerCreator.swift in Sources */ = {isa = PBXBuildFile; fileRef = E72D476424A60E3400A2FB8A /* SoundPlayerCreator.swift */; };
		E74337B524B5E0D1006F3329 /* Comparable.swift in Sources */ = {isa = PBXBuildFile; fileRef = E74337B424B5E0D1006F3329 /* Comparable.swift */; };
		E74337B824B5E41D006F3329 /* LimitedValue.swift in Sources */ = {isa = PBXBuildFile; fileRef = E74337B724B5E41D006F3329 /* LimitedValue.swift */; };
		E74E266B24AE3A0F00A948A6 /* MeowingPlaybackController.swift in Sources */ = {isa = PBXBuildFile; fileRef = E74E266A24AE3A0F00A948A6 /* MeowingPlaybackController.swift */; };
		E74E266D24AE3A3900A948A6 /* BreathingPlaybackController.swift in Sources */ = {isa = PBXBuildFile; fileRef = E74E266C24AE3A3900A948A6 /* BreathingPlaybackController.swift */; };
		E74EFCEC24A31E6700EEC724 /* Exhalation.m4a in Resources */ = {isa = PBXBuildFile; fileRef = E74EFCEA24A31E6700EEC724 /* Exhalation.m4a */; };
		E74EFCED24A31E6700EEC724 /* Inhalation.m4a in Resources */ = {isa = PBXBuildFile; fileRef = E74EFCEB24A31E6700EEC724 /* Inhalation.m4a */; };
		E75556FC24A3032A0094F445 /* DataDecoder.swift in Sources */ = {isa = PBXBuildFile; fileRef = E75556FB24A3032A0094F445 /* DataDecoder.swift */; };
		E75F2E9F24EECE6A001C7DEC /* Array.swift in Sources */ = {isa = PBXBuildFile; fileRef = E75F2E9E24EECE6A001C7DEC /* Array.swift */; };
		E75F2EA124EED78A001C7DEC /* BinaryFloatingPoint.swift in Sources */ = {isa = PBXBuildFile; fileRef = E75F2EA024EED78A001C7DEC /* BinaryFloatingPoint.swift */; };
		E774843824EE945F00419F3E /* FragmentManager.swift in Sources */ = {isa = PBXBuildFile; fileRef = E774843724EE945F00419F3E /* FragmentManager.swift */; };
		E78E14E824A6532C00899F67 /* ClosedRange.swift in Sources */ = {isa = PBXBuildFile; fileRef = E78E14E724A6532C00899F67 /* ClosedRange.swift */; };
		E7BF556D249D1E4400DB57B6 /* FileManager.swift in Sources */ = {isa = PBXBuildFile; fileRef = E7BF556C249D1E4400DB57B6 /* FileManager.swift */; };
		E7BF5573249D1EF600DB57B6 /* AudioBufferEngine.swift in Sources */ = {isa = PBXBuildFile; fileRef = E7BF5572249D1EF600DB57B6 /* AudioBufferEngine.swift */; };
		E7BF5575249D1F0800DB57B6 /* AudioByteBufferEngine.swift in Sources */ = {isa = PBXBuildFile; fileRef = E7BF5574249D1F0800DB57B6 /* AudioByteBufferEngine.swift */; };
		E7BF5577249D1F1D00DB57B6 /* AudioPCMBufferEngine.swift in Sources */ = {isa = PBXBuildFile; fileRef = E7BF5576249D1F1D00DB57B6 /* AudioPCMBufferEngine.swift */; };
		E7BF5586249E1E3500DB57B6 /* AVAudioEngine.swift in Sources */ = {isa = PBXBuildFile; fileRef = E7BF5585249E1E3500DB57B6 /* AVAudioEngine.swift */; };
		E7BF558E249F2A7900DB57B6 /* AudioBufferPlayer.swift in Sources */ = {isa = PBXBuildFile; fileRef = E7BF558D249F2A7900DB57B6 /* AudioBufferPlayer.swift */; };
		E7BF5590249F2A7900DB57B6 /* AudioByteBufferPlayer.swift in Sources */ = {isa = PBXBuildFile; fileRef = E7BF558F249F2A7900DB57B6 /* AudioByteBufferPlayer.swift */; };
		E7BF5592249F2A7900DB57B6 /* AudioPCMBufferPlayer.swift in Sources */ = {isa = PBXBuildFile; fileRef = E7BF5591249F2A7900DB57B6 /* AudioPCMBufferPlayer.swift */; };
		E7BF5596249F2A7900DB57B6 /* SoundPlayer.swift in Sources */ = {isa = PBXBuildFile; fileRef = E7BF5595249F2A7900DB57B6 /* SoundPlayer.swift */; };
		E7BF559824A0569600DB57B6 /* MeowingSoundPlayer.swift in Sources */ = {isa = PBXBuildFile; fileRef = E7BF559724A0569600DB57B6 /* MeowingSoundPlayer.swift */; };
		E7BF559B24A056C600DB57B6 /* SoundSource.swift in Sources */ = {isa = PBXBuildFile; fileRef = E7BF559A24A056C600DB57B6 /* SoundSource.swift */; };
		E7BF559D24A056D900DB57B6 /* SoundFragment.swift in Sources */ = {isa = PBXBuildFile; fileRef = E7BF559C24A056D900DB57B6 /* SoundFragment.swift */; };
		E7BF559F24A0570000DB57B6 /* File.swift in Sources */ = {isa = PBXBuildFile; fileRef = E7BF559E24A0570000DB57B6 /* File.swift */; };
		E7BF55A124A0570000DB57B6 /* BreathingSoundPlayer.swift in Sources */ = {isa = PBXBuildFile; fileRef = E7BF55A024A0570000DB57B6 /* BreathingSoundPlayer.swift */; };
		E7BF55A724A11D1300DB57B6 /* DistanceProcessor.swift in Sources */ = {isa = PBXBuildFile; fileRef = E7BF55A624A11D1300DB57B6 /* DistanceProcessor.swift */; };
		E7BF55A924A27FF600DB57B6 /* SoundSourceProvider.swift in Sources */ = {isa = PBXBuildFile; fileRef = E7BF55A824A27FF600DB57B6 /* SoundSourceProvider.swift */; };
		E7D685A524EFD75C003F218F /* IntervalsSourceProvider.swift in Sources */ = {isa = PBXBuildFile; fileRef = E7D685A424EFD75C003F218F /* IntervalsSourceProvider.swift */; };
		E7DBFC0524A0EA7200E87A5E /* CatSoundPlaybackController.swift in Sources */ = {isa = PBXBuildFile; fileRef = E7DBFC0424A0EA7200E87A5E /* CatSoundPlaybackController.swift */; };
		E7DBFC0B24A0ED7500E87A5E /* MeowingIntervals.plist in Resources */ = {isa = PBXBuildFile; fileRef = E7DBFC0824A0ED7500E87A5E /* MeowingIntervals.plist */; };
		E7DBFC0C24A0ED7500E87A5E /* Meowing.m4a in Resources */ = {isa = PBXBuildFile; fileRef = E7DBFC0A24A0ED7500E87A5E /* Meowing.m4a */; };
		E7E6DB28249D18ED00F09B36 /* AppDelegate.swift in Sources */ = {isa = PBXBuildFile; fileRef = E7E6DB27249D18ED00F09B36 /* AppDelegate.swift */; };
		E7E6DB2A249D18ED00F09B36 /* SceneDelegate.swift in Sources */ = {isa = PBXBuildFile; fileRef = E7E6DB29249D18ED00F09B36 /* SceneDelegate.swift */; };
		E7E6DB2C249D18ED00F09B36 /* ContentView.swift in Sources */ = {isa = PBXBuildFile; fileRef = E7E6DB2B249D18ED00F09B36 /* ContentView.swift */; };
		E7E6DB2E249D18EE00F09B36 /* Assets.xcassets in Resources */ = {isa = PBXBuildFile; fileRef = E7E6DB2D249D18EE00F09B36 /* Assets.xcassets */; };
		E7E6DB31249D18EE00F09B36 /* Preview Assets.xcassets in Resources */ = {isa = PBXBuildFile; fileRef = E7E6DB30249D18EE00F09B36 /* Preview Assets.xcassets */; };
		E7E6DB34249D18EE00F09B36 /* LaunchScreen.storyboard in Resources */ = {isa = PBXBuildFile; fileRef = E7E6DB32249D18EE00F09B36 /* LaunchScreen.storyboard */; };
		E7F67F1D24EFCD9F0060C17C /* FragmentManagerCreator.swift in Sources */ = {isa = PBXBuildFile; fileRef = E7F67F1C24EFCD9F0060C17C /* FragmentManagerCreator.swift */; };
		E7F67F1F24EFCF050060C17C /* MeowingFragmentManager.swift in Sources */ = {isa = PBXBuildFile; fileRef = E7F67F1E24EFCF050060C17C /* MeowingFragmentManager.swift */; };
/* End PBXBuildFile section */

/* Begin PBXFileReference section */
		E7160D6924F032FF000B6825 /* RoundingAccuracy.swift */ = {isa = PBXFileReference; lastKnownFileType = sourcecode.swift; path = RoundingAccuracy.swift; sourceTree = "<group>"; };
		E718445024B4D1CE00839475 /* BreathingFragmentManager.swift */ = {isa = PBXFileReference; lastKnownFileType = sourcecode.swift; path = BreathingFragmentManager.swift; sourceTree = "<group>"; };
		E72D476024A6016C00A2FB8A /* Source.swift */ = {isa = PBXFileReference; lastKnownFileType = sourcecode.swift; path = Source.swift; sourceTree = "<group>"; };
		E72D476424A60E3400A2FB8A /* SoundPlayerCreator.swift */ = {isa = PBXFileReference; lastKnownFileType = sourcecode.swift; path = SoundPlayerCreator.swift; sourceTree = "<group>"; };
		E74337B424B5E0D1006F3329 /* Comparable.swift */ = {isa = PBXFileReference; lastKnownFileType = sourcecode.swift; path = Comparable.swift; sourceTree = "<group>"; };
		E74337B724B5E41D006F3329 /* LimitedValue.swift */ = {isa = PBXFileReference; lastKnownFileType = sourcecode.swift; path = LimitedValue.swift; sourceTree = "<group>"; };
		E74E266A24AE3A0F00A948A6 /* MeowingPlaybackController.swift */ = {isa = PBXFileReference; lastKnownFileType = sourcecode.swift; path = MeowingPlaybackController.swift; sourceTree = "<group>"; };
		E74E266C24AE3A3900A948A6 /* BreathingPlaybackController.swift */ = {isa = PBXFileReference; lastKnownFileType = sourcecode.swift; path = BreathingPlaybackController.swift; sourceTree = "<group>"; };
		E74EFCEA24A31E6700EEC724 /* Exhalation.m4a */ = {isa = PBXFileReference; lastKnownFileType = file; path = Exhalation.m4a; sourceTree = "<group>"; };
		E74EFCEB24A31E6700EEC724 /* Inhalation.m4a */ = {isa = PBXFileReference; lastKnownFileType = file; path = Inhalation.m4a; sourceTree = "<group>"; };
		E75556FB24A3032A0094F445 /* DataDecoder.swift */ = {isa = PBXFileReference; lastKnownFileType = sourcecode.swift; path = DataDecoder.swift; sourceTree = "<group>"; };
		E75F2E9E24EECE6A001C7DEC /* Array.swift */ = {isa = PBXFileReference; lastKnownFileType = sourcecode.swift; path = Array.swift; sourceTree = "<group>"; };
		E75F2EA024EED78A001C7DEC /* BinaryFloatingPoint.swift */ = {isa = PBXFileReference; lastKnownFileType = sourcecode.swift; path = BinaryFloatingPoint.swift; sourceTree = "<group>"; };
		E774843724EE945F00419F3E /* FragmentManager.swift */ = {isa = PBXFileReference; lastKnownFileType = sourcecode.swift; path = FragmentManager.swift; sourceTree = "<group>"; };
		E78E14E724A6532C00899F67 /* ClosedRange.swift */ = {isa = PBXFileReference; lastKnownFileType = sourcecode.swift; path = ClosedRange.swift; sourceTree = "<group>"; };
		E7BF556C249D1E4400DB57B6 /* FileManager.swift */ = {isa = PBXFileReference; lastKnownFileType = sourcecode.swift; path = FileManager.swift; sourceTree = "<group>"; };
		E7BF5572249D1EF600DB57B6 /* AudioBufferEngine.swift */ = {isa = PBXFileReference; lastKnownFileType = sourcecode.swift; path = AudioBufferEngine.swift; sourceTree = "<group>"; };
		E7BF5574249D1F0800DB57B6 /* AudioByteBufferEngine.swift */ = {isa = PBXFileReference; lastKnownFileType = sourcecode.swift; path = AudioByteBufferEngine.swift; sourceTree = "<group>"; };
		E7BF5576249D1F1D00DB57B6 /* AudioPCMBufferEngine.swift */ = {isa = PBXFileReference; lastKnownFileType = sourcecode.swift; path = AudioPCMBufferEngine.swift; sourceTree = "<group>"; };
		E7BF5585249E1E3500DB57B6 /* AVAudioEngine.swift */ = {isa = PBXFileReference; lastKnownFileType = sourcecode.swift; path = AVAudioEngine.swift; sourceTree = "<group>"; };
		E7BF558D249F2A7900DB57B6 /* AudioBufferPlayer.swift */ = {isa = PBXFileReference; lastKnownFileType = sourcecode.swift; path = AudioBufferPlayer.swift; sourceTree = "<group>"; };
		E7BF558F249F2A7900DB57B6 /* AudioByteBufferPlayer.swift */ = {isa = PBXFileReference; lastKnownFileType = sourcecode.swift; path = AudioByteBufferPlayer.swift; sourceTree = "<group>"; };
		E7BF5591249F2A7900DB57B6 /* AudioPCMBufferPlayer.swift */ = {isa = PBXFileReference; lastKnownFileType = sourcecode.swift; path = AudioPCMBufferPlayer.swift; sourceTree = "<group>"; };
		E7BF5595249F2A7900DB57B6 /* SoundPlayer.swift */ = {isa = PBXFileReference; lastKnownFileType = sourcecode.swift; path = SoundPlayer.swift; sourceTree = "<group>"; };
		E7BF559724A0569600DB57B6 /* MeowingSoundPlayer.swift */ = {isa = PBXFileReference; lastKnownFileType = sourcecode.swift; path = MeowingSoundPlayer.swift; sourceTree = "<group>"; };
		E7BF559A24A056C600DB57B6 /* SoundSource.swift */ = {isa = PBXFileReference; lastKnownFileType = sourcecode.swift; path = SoundSource.swift; sourceTree = "<group>"; };
		E7BF559C24A056D900DB57B6 /* SoundFragment.swift */ = {isa = PBXFileReference; lastKnownFileType = sourcecode.swift; path = SoundFragment.swift; sourceTree = "<group>"; };
		E7BF559E24A0570000DB57B6 /* File.swift */ = {isa = PBXFileReference; lastKnownFileType = sourcecode.swift; path = File.swift; sourceTree = "<group>"; };
		E7BF55A024A0570000DB57B6 /* BreathingSoundPlayer.swift */ = {isa = PBXFileReference; lastKnownFileType = sourcecode.swift; path = BreathingSoundPlayer.swift; sourceTree = "<group>"; };
		E7BF55A624A11D1300DB57B6 /* DistanceProcessor.swift */ = {isa = PBXFileReference; lastKnownFileType = sourcecode.swift; path = DistanceProcessor.swift; sourceTree = "<group>"; };
		E7BF55A824A27FF600DB57B6 /* SoundSourceProvider.swift */ = {isa = PBXFileReference; lastKnownFileType = sourcecode.swift; path = SoundSourceProvider.swift; sourceTree = "<group>"; };
		E7D685A424EFD75C003F218F /* IntervalsSourceProvider.swift */ = {isa = PBXFileReference; lastKnownFileType = sourcecode.swift; path = IntervalsSourceProvider.swift; sourceTree = "<group>"; };
		E7DBFC0424A0EA7200E87A5E /* CatSoundPlaybackController.swift */ = {isa = PBXFileReference; lastKnownFileType = sourcecode.swift; path = CatSoundPlaybackController.swift; sourceTree = "<group>"; };
		E7DBFC0824A0ED7500E87A5E /* MeowingIntervals.plist */ = {isa = PBXFileReference; fileEncoding = 4; lastKnownFileType = text.plist.xml; path = MeowingIntervals.plist; sourceTree = "<group>"; };
		E7DBFC0A24A0ED7500E87A5E /* Meowing.m4a */ = {isa = PBXFileReference; lastKnownFileType = file; path = Meowing.m4a; sourceTree = "<group>"; };
		E7E6DB24249D18ED00F09B36 /* YouAndMeow.app */ = {isa = PBXFileReference; explicitFileType = wrapper.application; includeInIndex = 0; path = YouAndMeow.app; sourceTree = BUILT_PRODUCTS_DIR; };
		E7E6DB27249D18ED00F09B36 /* AppDelegate.swift */ = {isa = PBXFileReference; lastKnownFileType = sourcecode.swift; path = AppDelegate.swift; sourceTree = "<group>"; };
		E7E6DB29249D18ED00F09B36 /* SceneDelegate.swift */ = {isa = PBXFileReference; lastKnownFileType = sourcecode.swift; path = SceneDelegate.swift; sourceTree = "<group>"; };
		E7E6DB2B249D18ED00F09B36 /* ContentView.swift */ = {isa = PBXFileReference; lastKnownFileType = sourcecode.swift; path = ContentView.swift; sourceTree = "<group>"; };
		E7E6DB2D249D18EE00F09B36 /* Assets.xcassets */ = {isa = PBXFileReference; lastKnownFileType = folder.assetcatalog; path = Assets.xcassets; sourceTree = "<group>"; };
		E7E6DB30249D18EE00F09B36 /* Preview Assets.xcassets */ = {isa = PBXFileReference; lastKnownFileType = folder.assetcatalog; path = "Preview Assets.xcassets"; sourceTree = "<group>"; };
		E7E6DB33249D18EE00F09B36 /* Base */ = {isa = PBXFileReference; lastKnownFileType = file.storyboard; name = Base; path = Base.lproj/LaunchScreen.storyboard; sourceTree = "<group>"; };
		E7E6DB35249D18EE00F09B36 /* Info.plist */ = {isa = PBXFileReference; lastKnownFileType = text.plist.xml; path = Info.plist; sourceTree = "<group>"; };
		E7F67F1C24EFCD9F0060C17C /* FragmentManagerCreator.swift */ = {isa = PBXFileReference; lastKnownFileType = sourcecode.swift; path = FragmentManagerCreator.swift; sourceTree = "<group>"; };
		E7F67F1E24EFCF050060C17C /* MeowingFragmentManager.swift */ = {isa = PBXFileReference; lastKnownFileType = sourcecode.swift; path = MeowingFragmentManager.swift; sourceTree = "<group>"; };
/* End PBXFileReference section */

/* Begin PBXFrameworksBuildPhase section */
		E7E6DB21249D18ED00F09B36 /* Frameworks */ = {
			isa = PBXFrameworksBuildPhase;
			buildActionMask = 2147483647;
			files = (
			);
			runOnlyForDeploymentPostprocessing = 0;
		};
/* End PBXFrameworksBuildPhase section */

/* Begin PBXGroup section */
		E7160D6824F032D3000B6825 /* Types */ = {
			isa = PBXGroup;
			children = (
				E7160D6924F032FF000B6825 /* RoundingAccuracy.swift */,
			);
			path = Types;
			sourceTree = "<group>";
		};
		E72D476224A60DD000A2FB8A /* Managers */ = {
			isa = PBXGroup;
			children = (
				E718445024B4D1CE00839475 /* BreathingFragmentManager.swift */,
				E774843724EE945F00419F3E /* FragmentManager.swift */,
				E7F67F1E24EFCF050060C17C /* MeowingFragmentManager.swift */,
			);
			path = Managers;
			sourceTree = "<group>";
		};
		E72D476324A60DE000A2FB8A /* Creators */ = {
			isa = PBXGroup;
			children = (
				E7F67F1C24EFCD9F0060C17C /* FragmentManagerCreator.swift */,
				E72D476424A60E3400A2FB8A /* SoundPlayerCreator.swift */,
			);
			path = Creators;
			sourceTree = "<group>";
		};
		E74337B624B5E402006F3329 /* Wrappers */ = {
			isa = PBXGroup;
			children = (
				E74337B724B5E41D006F3329 /* LimitedValue.swift */,
			);
			path = Wrappers;
			sourceTree = "<group>";
		};
		E74EFCEE24A4C8F900EEC724 /* SoundProcessors */ = {
			isa = PBXGroup;
			children = (
				E7BF55A624A11D1300DB57B6 /* DistanceProcessor.swift */,
			);
			path = SoundProcessors;
			sourceTree = "<group>";
		};
		E78E14E624A6531D00899F67 /* Extensions */ = {
			isa = PBXGroup;
			children = (
				E75F2E9E24EECE6A001C7DEC /* Array.swift */,
				E75F2EA024EED78A001C7DEC /* BinaryFloatingPoint.swift */,
				E78E14E724A6532C00899F67 /* ClosedRange.swift */,
				E74337B424B5E0D1006F3329 /* Comparable.swift */,
			);
			path = Extensions;
			sourceTree = "<group>";
		};
		E7A6020E24A0912A00858684 /* Providers */ = {
			isa = PBXGroup;
			children = (
				E7D685A424EFD75C003F218F /* IntervalsSourceProvider.swift */,
				E7BF55A824A27FF600DB57B6 /* SoundSourceProvider.swift */,
			);
			path = Providers;
			sourceTree = "<group>";
		};
		E7BF556A249D1E2F00DB57B6 /* Platform */ = {
			isa = PBXGroup;
			children = (
				E7BF5571249D1EE700DB57B6 /* AudioSystem */,
				E7BF5584249E1E2700DB57B6 /* Extensions */,
				E7BF556B249D1E3700DB57B6 /* FileSystem */,
			);
			path = Platform;
			sourceTree = "<group>";
		};
		E7BF556B249D1E3700DB57B6 /* FileSystem */ = {
			isa = PBXGroup;
			children = (
				E75556FB24A3032A0094F445 /* DataDecoder.swift */,
				E7BF556C249D1E4400DB57B6 /* FileManager.swift */,
			);
			path = FileSystem;
			sourceTree = "<group>";
		};
		E7BF5571249D1EE700DB57B6 /* AudioSystem */ = {
			isa = PBXGroup;
			children = (
				E7BF5572249D1EF600DB57B6 /* AudioBufferEngine.swift */,
				E7BF558D249F2A7900DB57B6 /* AudioBufferPlayer.swift */,
				E7BF5574249D1F0800DB57B6 /* AudioByteBufferEngine.swift */,
				E7BF558F249F2A7900DB57B6 /* AudioByteBufferPlayer.swift */,
				E7BF5576249D1F1D00DB57B6 /* AudioPCMBufferEngine.swift */,
				E7BF5591249F2A7900DB57B6 /* AudioPCMBufferPlayer.swift */,
			);
			path = AudioSystem;
			sourceTree = "<group>";
		};
		E7BF5584249E1E2700DB57B6 /* Extensions */ = {
			isa = PBXGroup;
			children = (
				E7BF5585249E1E3500DB57B6 /* AVAudioEngine.swift */,
			);
			path = Extensions;
			sourceTree = "<group>";
		};
		E7BF5593249F2A7900DB57B6 /* Services */ = {
			isa = PBXGroup;
			children = (
				E72D476324A60DE000A2FB8A /* Creators */,
				E72D476224A60DD000A2FB8A /* Managers */,
				E7E0766724B509970095D1A6 /* PlaybackControllers */,
				E7A6020E24A0912A00858684 /* Providers */,
				E7BF5594249F2A7900DB57B6 /* SoundPlayers */,
				E74EFCEE24A4C8F900EEC724 /* SoundProcessors */,
			);
			path = Services;
			sourceTree = "<group>";
		};
		E7BF5594249F2A7900DB57B6 /* SoundPlayers */ = {
			isa = PBXGroup;
			children = (
				E7BF55A024A0570000DB57B6 /* BreathingSoundPlayer.swift */,
				E7BF559724A0569600DB57B6 /* MeowingSoundPlayer.swift */,
				E7BF5595249F2A7900DB57B6 /* SoundPlayer.swift */,
			);
			path = SoundPlayers;
			sourceTree = "<group>";
		};
		E7BF559924A056B700DB57B6 /* Entities */ = {
			isa = PBXGroup;
			children = (
				E7BF559E24A0570000DB57B6 /* File.swift */,
				E7BF559C24A056D900DB57B6 /* SoundFragment.swift */,
				E7BF559A24A056C600DB57B6 /* SoundSource.swift */,
				E72D476024A6016C00A2FB8A /* Source.swift */,
			);
			path = Entities;
			sourceTree = "<group>";
		};
		E7DBFC0624A0ED7500E87A5E /* Resources */ = {
			isa = PBXGroup;
			children = (
				E7DBFC0724A0ED7500E87A5E /* Intervals */,
				E7DBFC0924A0ED7500E87A5E /* Sounds */,
			);
			path = Resources;
			sourceTree = "<group>";
		};
		E7DBFC0724A0ED7500E87A5E /* Intervals */ = {
			isa = PBXGroup;
			children = (
				E7DBFC0824A0ED7500E87A5E /* MeowingIntervals.plist */,
			);
			path = Intervals;
			sourceTree = "<group>";
		};
		E7DBFC0924A0ED7500E87A5E /* Sounds */ = {
			isa = PBXGroup;
			children = (
				E74EFCEA24A31E6700EEC724 /* Exhalation.m4a */,
				E74EFCEB24A31E6700EEC724 /* Inhalation.m4a */,
				E7DBFC0A24A0ED7500E87A5E /* Meowing.m4a */,
			);
			path = Sounds;
			sourceTree = "<group>";
		};
		E7E0766724B509970095D1A6 /* PlaybackControllers */ = {
			isa = PBXGroup;
			children = (
				E74E266C24AE3A3900A948A6 /* BreathingPlaybackController.swift */,
				E7DBFC0424A0EA7200E87A5E /* CatSoundPlaybackController.swift */,
				E74E266A24AE3A0F00A948A6 /* MeowingPlaybackController.swift */,
			);
			path = PlaybackControllers;
			sourceTree = "<group>";
		};
		E7E6DB1B249D18ED00F09B36 = {
			isa = PBXGroup;
			children = (
				E7E6DB26249D18ED00F09B36 /* YouAndMeow */,
				E7E6DB25249D18ED00F09B36 /* Products */,
			);
			sourceTree = "<group>";
		};
		E7E6DB25249D18ED00F09B36 /* Products */ = {
			isa = PBXGroup;
			children = (
				E7E6DB24249D18ED00F09B36 /* YouAndMeow.app */,
			);
			name = Products;
			sourceTree = "<group>";
		};
		E7E6DB26249D18ED00F09B36 /* YouAndMeow */ = {
			isa = PBXGroup;
			children = (
				E7BF559924A056B700DB57B6 /* Entities */,
				E78E14E624A6531D00899F67 /* Extensions */,
				E7BF556A249D1E2F00DB57B6 /* Platform */,
				E7E6DB2F249D18EE00F09B36 /* Preview Content */,
				E7DBFC0624A0ED7500E87A5E /* Resources */,
				E7BF5593249F2A7900DB57B6 /* Services */,
				E7160D6824F032D3000B6825 /* Types */,
				E74337B624B5E402006F3329 /* Wrappers */,
				E7E6DB27249D18ED00F09B36 /* AppDelegate.swift */,
				E7E6DB2B249D18ED00F09B36 /* ContentView.swift */,
				E7E6DB29249D18ED00F09B36 /* SceneDelegate.swift */,
				E7E6DB32249D18EE00F09B36 /* LaunchScreen.storyboard */,
				E7E6DB2D249D18EE00F09B36 /* Assets.xcassets */,
				E7E6DB35249D18EE00F09B36 /* Info.plist */,
			);
			path = YouAndMeow;
			sourceTree = "<group>";
		};
		E7E6DB2F249D18EE00F09B36 /* Preview Content */ = {
			isa = PBXGroup;
			children = (
				E7E6DB30249D18EE00F09B36 /* Preview Assets.xcassets */,
			);
			path = "Preview Content";
			sourceTree = "<group>";
		};
/* End PBXGroup section */

/* Begin PBXNativeTarget section */
		E7E6DB23249D18ED00F09B36 /* YouAndMeow */ = {
			isa = PBXNativeTarget;
			buildConfigurationList = E7E6DB38249D18EE00F09B36 /* Build configuration list for PBXNativeTarget "YouAndMeow" */;
			buildPhases = (
				E7E6DB20249D18ED00F09B36 /* Sources */,
				E7E6DB21249D18ED00F09B36 /* Frameworks */,
				E7E6DB22249D18ED00F09B36 /* Resources */,
			);
			buildRules = (
			);
			dependencies = (
			);
			name = YouAndMeow;
			productName = YouAndMeow;
			productReference = E7E6DB24249D18ED00F09B36 /* YouAndMeow.app */;
			productType = "com.apple.product-type.application";
		};
/* End PBXNativeTarget section */

/* Begin PBXProject section */
		E7E6DB1C249D18ED00F09B36 /* Project object */ = {
			isa = PBXProject;
			attributes = {
				LastSwiftUpdateCheck = 1150;
				LastUpgradeCheck = 1150;
				ORGANIZATIONNAME = "Barsukin syn";
				TargetAttributes = {
					E7E6DB23249D18ED00F09B36 = {
						CreatedOnToolsVersion = 11.5;
					};
				};
			};
			buildConfigurationList = E7E6DB1F249D18ED00F09B36 /* Build configuration list for PBXProject "YouAndMeow" */;
			compatibilityVersion = "Xcode 9.3";
			developmentRegion = en;
			hasScannedForEncodings = 0;
			knownRegions = (
				en,
				Base,
			);
			mainGroup = E7E6DB1B249D18ED00F09B36;
			productRefGroup = E7E6DB25249D18ED00F09B36 /* Products */;
			projectDirPath = "";
			projectRoot = "";
			targets = (
				E7E6DB23249D18ED00F09B36 /* YouAndMeow */,
			);
		};
/* End PBXProject section */

/* Begin PBXResourcesBuildPhase section */
		E7E6DB22249D18ED00F09B36 /* Resources */ = {
			isa = PBXResourcesBuildPhase;
			buildActionMask = 2147483647;
			files = (
				E74EFCEC24A31E6700EEC724 /* Exhalation.m4a in Resources */,
				E74EFCED24A31E6700EEC724 /* Inhalation.m4a in Resources */,
				E7E6DB34249D18EE00F09B36 /* LaunchScreen.storyboard in Resources */,
				E7DBFC0C24A0ED7500E87A5E /* Meowing.m4a in Resources */,
				E7E6DB31249D18EE00F09B36 /* Preview Assets.xcassets in Resources */,
				E7DBFC0B24A0ED7500E87A5E /* MeowingIntervals.plist in Resources */,
				E7E6DB2E249D18EE00F09B36 /* Assets.xcassets in Resources */,
			);
			runOnlyForDeploymentPostprocessing = 0;
		};
/* End PBXResourcesBuildPhase section */

/* Begin PBXSourcesBuildPhase section */
		E7E6DB20249D18ED00F09B36 /* Sources */ = {
			isa = PBXSourcesBuildPhase;
			buildActionMask = 2147483647;
			files = (
				E74E266D24AE3A3900A948A6 /* BreathingPlaybackController.swift in Sources */,
				E7E6DB28249D18ED00F09B36 /* AppDelegate.swift in Sources */,
				E75F2E9F24EECE6A001C7DEC /* Array.swift in Sources */,
				E75F2EA124EED78A001C7DEC /* BinaryFloatingPoint.swift in Sources */,
				E7BF55A124A0570000DB57B6 /* BreathingSoundPlayer.swift in Sources */,
				E7BF5596249F2A7900DB57B6 /* SoundPlayer.swift in Sources */,
				E7BF5590249F2A7900DB57B6 /* AudioByteBufferPlayer.swift in Sources */,
				E7F67F1F24EFCF050060C17C /* MeowingFragmentManager.swift in Sources */,
				E7E6DB2A249D18ED00F09B36 /* SceneDelegate.swift in Sources */,
				E7BF5573249D1EF600DB57B6 /* AudioBufferEngine.swift in Sources */,
				E7BF559F24A0570000DB57B6 /* File.swift in Sources */,
				E7BF5592249F2A7900DB57B6 /* AudioPCMBufferPlayer.swift in Sources */,
				E7DBFC0524A0EA7200E87A5E /* CatSoundPlaybackController.swift in Sources */,
				E7BF559824A0569600DB57B6 /* MeowingSoundPlayer.swift in Sources */,
				E7BF559D24A056D900DB57B6 /* SoundFragment.swift in Sources */,
				E74337B824B5E41D006F3329 /* LimitedValue.swift in Sources */,
				E7E6DB2C249D18ED00F09B36 /* ContentView.swift in Sources */,
				E72D476524A60E3400A2FB8A /* SoundPlayerCreator.swift in Sources */,
				E78E14E824A6532C00899F67 /* ClosedRange.swift in Sources */,
				E7BF5575249D1F0800DB57B6 /* AudioByteBufferEngine.swift in Sources */,
				E74337B524B5E0D1006F3329 /* Comparable.swift in Sources */,
				E7BF5586249E1E3500DB57B6 /* AVAudioEngine.swift in Sources */,
				E74E266B24AE3A0F00A948A6 /* MeowingPlaybackController.swift in Sources */,
				E718445124B4D1CE00839475 /* BreathingFragmentManager.swift in Sources */,
				E774843824EE945F00419F3E /* FragmentManager.swift in Sources */,
				E7BF55A924A27FF600DB57B6 /* SoundSourceProvider.swift in Sources */,
				E75556FC24A3032A0094F445 /* DataDecoder.swift in Sources */,
				E7BF559B24A056C600DB57B6 /* SoundSource.swift in Sources */,
				E7160D6A24F032FF000B6825 /* RoundingAccuracy.swift in Sources */,
				E7BF556D249D1E4400DB57B6 /* FileManager.swift in Sources */,
				E72D476124A6016C00A2FB8A /* Source.swift in Sources */,
				E7BF5577249D1F1D00DB57B6 /* AudioPCMBufferEngine.swift in Sources */,
				E7BF558E249F2A7900DB57B6 /* AudioBufferPlayer.swift in Sources */,
				E7D685A524EFD75C003F218F /* IntervalsSourceProvider.swift in Sources */,
				E7F67F1D24EFCD9F0060C17C /* FragmentManagerCreator.swift in Sources */,
				E7BF55A724A11D1300DB57B6 /* DistanceProcessor.swift in Sources */,
			);
			runOnlyForDeploymentPostprocessing = 0;
		};
/* End PBXSourcesBuildPhase section */

/* Begin PBXVariantGroup section */
		E7E6DB32249D18EE00F09B36 /* LaunchScreen.storyboard */ = {
			isa = PBXVariantGroup;
			children = (
				E7E6DB33249D18EE00F09B36 /* Base */,
			);
			name = LaunchScreen.storyboard;
			sourceTree = "<group>";
		};
/* End PBXVariantGroup section */

/* Begin XCBuildConfiguration section */
		E7E6DB36249D18EE00F09B36 /* Debug */ = {
			isa = XCBuildConfiguration;
			buildSettings = {
				ALWAYS_SEARCH_USER_PATHS = NO;
				CLANG_ANALYZER_NONNULL = YES;
				CLANG_ANALYZER_NUMBER_OBJECT_CONVERSION = YES_AGGRESSIVE;
				CLANG_CXX_LANGUAGE_STANDARD = "gnu++14";
				CLANG_CXX_LIBRARY = "libc++";
				CLANG_ENABLE_MODULES = YES;
				CLANG_ENABLE_OBJC_ARC = YES;
				CLANG_ENABLE_OBJC_WEAK = YES;
				CLANG_WARN_BLOCK_CAPTURE_AUTORELEASING = YES;
				CLANG_WARN_BOOL_CONVERSION = YES;
				CLANG_WARN_COMMA = YES;
				CLANG_WARN_CONSTANT_CONVERSION = YES;
				CLANG_WARN_DEPRECATED_OBJC_IMPLEMENTATIONS = YES;
				CLANG_WARN_DIRECT_OBJC_ISA_USAGE = YES_ERROR;
				CLANG_WARN_DOCUMENTATION_COMMENTS = YES;
				CLANG_WARN_EMPTY_BODY = YES;
				CLANG_WARN_ENUM_CONVERSION = YES;
				CLANG_WARN_INFINITE_RECURSION = YES;
				CLANG_WARN_INT_CONVERSION = YES;
				CLANG_WARN_NON_LITERAL_NULL_CONVERSION = YES;
				CLANG_WARN_OBJC_IMPLICIT_RETAIN_SELF = YES;
				CLANG_WARN_OBJC_LITERAL_CONVERSION = YES;
				CLANG_WARN_OBJC_ROOT_CLASS = YES_ERROR;
				CLANG_WARN_RANGE_LOOP_ANALYSIS = YES;
				CLANG_WARN_STRICT_PROTOTYPES = YES;
				CLANG_WARN_SUSPICIOUS_MOVE = YES;
				CLANG_WARN_UNGUARDED_AVAILABILITY = YES_AGGRESSIVE;
				CLANG_WARN_UNREACHABLE_CODE = YES;
				CLANG_WARN__DUPLICATE_METHOD_MATCH = YES;
				COPY_PHASE_STRIP = NO;
				DEBUG_INFORMATION_FORMAT = dwarf;
				ENABLE_STRICT_OBJC_MSGSEND = YES;
				ENABLE_TESTABILITY = YES;
				GCC_C_LANGUAGE_STANDARD = gnu11;
				GCC_DYNAMIC_NO_PIC = NO;
				GCC_NO_COMMON_BLOCKS = YES;
				GCC_OPTIMIZATION_LEVEL = 0;
				GCC_PREPROCESSOR_DEFINITIONS = (
					"DEBUG=1",
					"$(inherited)",
				);
				GCC_WARN_64_TO_32_BIT_CONVERSION = YES;
				GCC_WARN_ABOUT_RETURN_TYPE = YES_ERROR;
				GCC_WARN_UNDECLARED_SELECTOR = YES;
				GCC_WARN_UNINITIALIZED_AUTOS = YES_AGGRESSIVE;
				GCC_WARN_UNUSED_FUNCTION = YES;
				GCC_WARN_UNUSED_VARIABLE = YES;
				IPHONEOS_DEPLOYMENT_TARGET = 13.5;
				MTL_ENABLE_DEBUG_INFO = INCLUDE_SOURCE;
				MTL_FAST_MATH = YES;
				ONLY_ACTIVE_ARCH = YES;
				SDKROOT = iphoneos;
				SWIFT_ACTIVE_COMPILATION_CONDITIONS = DEBUG;
				SWIFT_OPTIMIZATION_LEVEL = "-Onone";
			};
			name = Debug;
		};
		E7E6DB37249D18EE00F09B36 /* Release */ = {
			isa = XCBuildConfiguration;
			buildSettings = {
				ALWAYS_SEARCH_USER_PATHS = NO;
				CLANG_ANALYZER_NONNULL = YES;
				CLANG_ANALYZER_NUMBER_OBJECT_CONVERSION = YES_AGGRESSIVE;
				CLANG_CXX_LANGUAGE_STANDARD = "gnu++14";
				CLANG_CXX_LIBRARY = "libc++";
				CLANG_ENABLE_MODULES = YES;
				CLANG_ENABLE_OBJC_ARC = YES;
				CLANG_ENABLE_OBJC_WEAK = YES;
				CLANG_WARN_BLOCK_CAPTURE_AUTORELEASING = YES;
				CLANG_WARN_BOOL_CONVERSION = YES;
				CLANG_WARN_COMMA = YES;
				CLANG_WARN_CONSTANT_CONVERSION = YES;
				CLANG_WARN_DEPRECATED_OBJC_IMPLEMENTATIONS = YES;
				CLANG_WARN_DIRECT_OBJC_ISA_USAGE = YES_ERROR;
				CLANG_WARN_DOCUMENTATION_COMMENTS = YES;
				CLANG_WARN_EMPTY_BODY = YES;
				CLANG_WARN_ENUM_CONVERSION = YES;
				CLANG_WARN_INFINITE_RECURSION = YES;
				CLANG_WARN_INT_CONVERSION = YES;
				CLANG_WARN_NON_LITERAL_NULL_CONVERSION = YES;
				CLANG_WARN_OBJC_IMPLICIT_RETAIN_SELF = YES;
				CLANG_WARN_OBJC_LITERAL_CONVERSION = YES;
				CLANG_WARN_OBJC_ROOT_CLASS = YES_ERROR;
				CLANG_WARN_RANGE_LOOP_ANALYSIS = YES;
				CLANG_WARN_STRICT_PROTOTYPES = YES;
				CLANG_WARN_SUSPICIOUS_MOVE = YES;
				CLANG_WARN_UNGUARDED_AVAILABILITY = YES_AGGRESSIVE;
				CLANG_WARN_UNREACHABLE_CODE = YES;
				CLANG_WARN__DUPLICATE_METHOD_MATCH = YES;
				COPY_PHASE_STRIP = NO;
				DEBUG_INFORMATION_FORMAT = "dwarf-with-dsym";
				ENABLE_NS_ASSERTIONS = NO;
				ENABLE_STRICT_OBJC_MSGSEND = YES;
				GCC_C_LANGUAGE_STANDARD = gnu11;
				GCC_NO_COMMON_BLOCKS = YES;
				GCC_WARN_64_TO_32_BIT_CONVERSION = YES;
				GCC_WARN_ABOUT_RETURN_TYPE = YES_ERROR;
				GCC_WARN_UNDECLARED_SELECTOR = YES;
				GCC_WARN_UNINITIALIZED_AUTOS = YES_AGGRESSIVE;
				GCC_WARN_UNUSED_FUNCTION = YES;
				GCC_WARN_UNUSED_VARIABLE = YES;
				IPHONEOS_DEPLOYMENT_TARGET = 13.5;
				MTL_ENABLE_DEBUG_INFO = NO;
				MTL_FAST_MATH = YES;
				SDKROOT = iphoneos;
				SWIFT_COMPILATION_MODE = wholemodule;
				SWIFT_OPTIMIZATION_LEVEL = "-O";
				VALIDATE_PRODUCT = YES;
			};
			name = Release;
		};
		E7E6DB39249D18EE00F09B36 /* Debug */ = {
			isa = XCBuildConfiguration;
			buildSettings = {
				ASSETCATALOG_COMPILER_APPICON_NAME = AppIcon;
				CODE_SIGN_STYLE = Automatic;
				DEVELOPMENT_ASSET_PATHS = "\"YouAndMeow/Preview Content\"";
				DEVELOPMENT_TEAM = R4VKC85W43;
				ENABLE_PREVIEWS = YES;
				INFOPLIST_FILE = YouAndMeow/Info.plist;
				LD_RUNPATH_SEARCH_PATHS = (
					"$(inherited)",
					"@executable_path/Frameworks",
				);
				PRODUCT_BUNDLE_IDENTIFIER = BarsukinSyn.YouAndMeow;
				PRODUCT_NAME = "$(TARGET_NAME)";
				SWIFT_VERSION = 5.0;
				TARGETED_DEVICE_FAMILY = "1,2";
			};
			name = Debug;
		};
		E7E6DB3A249D18EE00F09B36 /* Release */ = {
			isa = XCBuildConfiguration;
			buildSettings = {
				ASSETCATALOG_COMPILER_APPICON_NAME = AppIcon;
				CODE_SIGN_STYLE = Automatic;
				DEVELOPMENT_ASSET_PATHS = "\"YouAndMeow/Preview Content\"";
				DEVELOPMENT_TEAM = R4VKC85W43;
				ENABLE_PREVIEWS = YES;
				INFOPLIST_FILE = YouAndMeow/Info.plist;
				LD_RUNPATH_SEARCH_PATHS = (
					"$(inherited)",
					"@executable_path/Frameworks",
				);
				PRODUCT_BUNDLE_IDENTIFIER = BarsukinSyn.YouAndMeow;
				PRODUCT_NAME = "$(TARGET_NAME)";
				SWIFT_VERSION = 5.0;
				TARGETED_DEVICE_FAMILY = "1,2";
			};
			name = Release;
		};
/* End XCBuildConfiguration section */

/* Begin XCConfigurationList section */
		E7E6DB1F249D18ED00F09B36 /* Build configuration list for PBXProject "YouAndMeow" */ = {
			isa = XCConfigurationList;
			buildConfigurations = (
				E7E6DB36249D18EE00F09B36 /* Debug */,
				E7E6DB37249D18EE00F09B36 /* Release */,
			);
			defaultConfigurationIsVisible = 0;
			defaultConfigurationName = Release;
		};
		E7E6DB38249D18EE00F09B36 /* Build configuration list for PBXNativeTarget "YouAndMeow" */ = {
			isa = XCConfigurationList;
			buildConfigurations = (
				E7E6DB39249D18EE00F09B36 /* Debug */,
				E7E6DB3A249D18EE00F09B36 /* Release */,
			);
			defaultConfigurationIsVisible = 0;
			defaultConfigurationName = Release;
		};
/* End XCConfigurationList section */
	};
	rootObject = E7E6DB1C249D18ED00F09B36 /* Project object */;
}
