// !$*UTF8*$!
{
	archiveVersion = 1;
	classes = {
	};
	objectVersion = 50;
	objects = {

/* Begin PBXBuildFile section */
		E7109B8925C4A1ED00A2862F /* PlaybackControlPanel.swift in Sources */ = {isa = PBXBuildFile; fileRef = E7109B8825C4A1ED00A2862F /* PlaybackControlPanel.swift */; };
		E7109B8E25C4AF4200A2862F /* Dictionary.swift in Sources */ = {isa = PBXBuildFile; fileRef = E7109B8D25C4AF4200A2862F /* Dictionary.swift */; };
		E7109B9725C522CE00A2862F /* PlaybackSystemEnvironment.swift in Sources */ = {isa = PBXBuildFile; fileRef = E7109B9625C522CE00A2862F /* PlaybackSystemEnvironment.swift */; };
		E7109B9F25C5253600A2862F /* PlaybackSettingsEnvironment.swift in Sources */ = {isa = PBXBuildFile; fileRef = E7109B9E25C5253600A2862F /* PlaybackSettingsEnvironment.swift */; };
		E7109BA725C52B2200A2862F /* PlayerScreen.swift in Sources */ = {isa = PBXBuildFile; fileRef = E7109BA625C52B2200A2862F /* PlayerScreen.swift */; };
		E713E2B0261CD98700A29BB0 /* Logo.swift in Sources */ = {isa = PBXBuildFile; fileRef = E713E2AF261CD98700A29BB0 /* Logo.swift */; };
		E7156BBE25C1822600B7F211 /* IconButton.swift in Sources */ = {isa = PBXBuildFile; fileRef = E7156BBD25C1822600B7F211 /* IconButton.swift */; };
		E7156BD425C18A2D00B7F211 /* PlayerControlPanel.swift in Sources */ = {isa = PBXBuildFile; fileRef = E7156BD325C18A2D00B7F211 /* PlayerControlPanel.swift */; };
		E71C392F25CD7DD900535296 /* Bounded.swift in Sources */ = {isa = PBXBuildFile; fileRef = E71C392E25CD7DD900535296 /* Bounded.swift */; };
		E720DF8B264EE1E10058A6F7 /* TimePickerData.swift in Sources */ = {isa = PBXBuildFile; fileRef = E720DF8A264EE1E10058A6F7 /* TimePickerData.swift */; };
		E7239DE025C4350500FFBF5A /* PlaybackSettingMetadata.swift in Sources */ = {isa = PBXBuildFile; fileRef = E7239DDF25C4350500FFBF5A /* PlaybackSettingMetadata.swift */; };
		E7239DF125C445F300FFBF5A /* PlaybackSetting.swift in Sources */ = {isa = PBXBuildFile; fileRef = E7239DF025C445F300FFBF5A /* PlaybackSetting.swift */; };
		E7298F53265FB3AF000FB2E3 /* ShutdownTimePickerViewModel.swift in Sources */ = {isa = PBXBuildFile; fileRef = E7298F52265FB3AF000FB2E3 /* ShutdownTimePickerViewModel.swift */; };
		E72E1E1A26600A9200894D73 /* TimeOptions.swift in Sources */ = {isa = PBXBuildFile; fileRef = E72E1E1926600A9200894D73 /* TimeOptions.swift */; };
		E74A0FA1261E2C10003FBFD7 /* AudioSession.swift in Sources */ = {isa = PBXBuildFile; fileRef = E74A0FA0261E2C10003FBFD7 /* AudioSession.swift */; };
		E75AA7B62615FBB200740B7C /* RoundedCorner.swift in Sources */ = {isa = PBXBuildFile; fileRef = E75AA7B52615FBB200740B7C /* RoundedCorner.swift */; };
		E766A4F3262339F4008D6E8E /* ImageRepository.swift in Sources */ = {isa = PBXBuildFile; fileRef = E766A4F2262339F4008D6E8E /* ImageRepository.swift */; };
		E775032325B75FBD00D4E9FC /* SliderBuilder.swift in Sources */ = {isa = PBXBuildFile; fileRef = E775032225B75FBD00D4E9FC /* SliderBuilder.swift */; };
		E775032825B75FC800D4E9FC /* SliderTemplateModifiers.swift in Sources */ = {isa = PBXBuildFile; fileRef = E775032725B75FC800D4E9FC /* SliderTemplateModifiers.swift */; };
		E775032D25B75FCE00D4E9FC /* SliderComponentModifier.swift in Sources */ = {isa = PBXBuildFile; fileRef = E775032C25B75FCE00D4E9FC /* SliderComponentModifier.swift */; };
		E77526E725C9C4E200BC481B /* PlaybackSystemSettingsBounds.swift in Sources */ = {isa = PBXBuildFile; fileRef = E77526E625C9C4E200BC481B /* PlaybackSystemSettingsBounds.swift */; };
		E78463A3261504420097CDFB /* PlayerView.swift in Sources */ = {isa = PBXBuildFile; fileRef = E78463A2261504420097CDFB /* PlayerView.swift */; };
		E78463A9261505540097CDFB /* Color.swift in Sources */ = {isa = PBXBuildFile; fileRef = E78463A8261505540097CDFB /* Color.swift */; };
		E78463B926150C9C0097CDFB /* View.swift in Sources */ = {isa = PBXBuildFile; fileRef = E78463B826150C9C0097CDFB /* View.swift */; };
		E78463BE26150DAC0097CDFB /* PlayerBackgroundImage.swift in Sources */ = {isa = PBXBuildFile; fileRef = E78463BD26150DAC0097CDFB /* PlayerBackgroundImage.swift */; };
		E78C6EAC261698C100B752D4 /* Kurale-Regular.ttf in Resources */ = {isa = PBXBuildFile; fileRef = E78C6EAB261698C100B752D4 /* Kurale-Regular.ttf */; };
		E78E99E4264EA98600ABB4FD /* WheelPicker.swift in Sources */ = {isa = PBXBuildFile; fileRef = E78E99E3264EA98600ABB4FD /* WheelPicker.swift */; };
		E78E99E6264EA99100ABB4FD /* WheelPickerCoordinator.swift in Sources */ = {isa = PBXBuildFile; fileRef = E78E99E5264EA99100ABB4FD /* WheelPickerCoordinator.swift */; };
		E78E99E9264EBB4A00ABB4FD /* TimePicker.swift in Sources */ = {isa = PBXBuildFile; fileRef = E78E99E8264EBB4A00ABB4FD /* TimePicker.swift */; };
		E78E99EB264EBB5500ABB4FD /* TimePickerCoordinator.swift in Sources */ = {isa = PBXBuildFile; fileRef = E78E99EA264EBB5500ABB4FD /* TimePickerCoordinator.swift */; };
		E78FEC5F2620C26F0079DAF7 /* RemoteCommandCenter.swift in Sources */ = {isa = PBXBuildFile; fileRef = E78FEC5E2620C26F0079DAF7 /* RemoteCommandCenter.swift */; };
		E7992B7A25C98CC9007F8A86 /* ClosedRange.swift in Sources */ = {isa = PBXBuildFile; fileRef = E7992B7925C98CC9007F8A86 /* ClosedRange.swift */; };
		E7BD81D225C1E4880083FE69 /* PlaybackSettingSlider.swift in Sources */ = {isa = PBXBuildFile; fileRef = E7BD81D125C1E4880083FE69 /* PlaybackSettingSlider.swift */; };
		E7CAD2C525C3054D007761A9 /* PlaybackSettingPanelViewModel.swift in Sources */ = {isa = PBXBuildFile; fileRef = E7CAD2C425C3054D007761A9 /* PlaybackSettingPanelViewModel.swift */; };
		E7CB413425BAF6940035E229 /* SimpleSlider.swift in Sources */ = {isa = PBXBuildFile; fileRef = E7CB413325BAF6940035E229 /* SimpleSlider.swift */; };
		E7CB414925BB03590035E229 /* SimpleSliderTrack.swift in Sources */ = {isa = PBXBuildFile; fileRef = E7CB414825BB03590035E229 /* SimpleSliderTrack.swift */; };
		E7CB415125BB036A0035E229 /* SimpleSliderThumb.swift in Sources */ = {isa = PBXBuildFile; fileRef = E7CB415025BB036A0035E229 /* SimpleSliderThumb.swift */; };
		E7CB415925BB052F0035E229 /* SimpleSliderTrackShapeModifier.swift in Sources */ = {isa = PBXBuildFile; fileRef = E7CB415825BB052F0035E229 /* SimpleSliderTrackShapeModifier.swift */; };
		E7D9A82025BED63A00EE072A /* PlaybackSettingPanel.swift in Sources */ = {isa = PBXBuildFile; fileRef = E7D9A81F25BED63A00EE072A /* PlaybackSettingPanel.swift */; };
		E7D9A82825BEE5F400EE072A /* PlaybackSettingType.swift in Sources */ = {isa = PBXBuildFile; fileRef = E7D9A82725BEE5F400EE072A /* PlaybackSettingType.swift */; };
		E7E8F41B25B5A85F00CEEB98 /* YouAndMeowApp.swift in Sources */ = {isa = PBXBuildFile; fileRef = E7E8F41A25B5A85F00CEEB98 /* YouAndMeowApp.swift */; };
		E7E8F41F25B5A86000CEEB98 /* Assets.xcassets in Resources */ = {isa = PBXBuildFile; fileRef = E7E8F41E25B5A86000CEEB98 /* Assets.xcassets */; };
		E7E8F44F25B5A8D700CEEB98 /* SoundRepository.swift in Sources */ = {isa = PBXBuildFile; fileRef = E7E8F44925B5A8D600CEEB98 /* SoundRepository.swift */; };
		E7E8F45025B5A8D700CEEB98 /* FileManager.swift in Sources */ = {isa = PBXBuildFile; fileRef = E7E8F44B25B5A8D600CEEB98 /* FileManager.swift */; };
		E7E8F45125B5A8D700CEEB98 /* IntervalsRepository.swift in Sources */ = {isa = PBXBuildFile; fileRef = E7E8F44C25B5A8D600CEEB98 /* IntervalsRepository.swift */; };
		E7E8F45225B5A8D700CEEB98 /* DataDecoder.swift in Sources */ = {isa = PBXBuildFile; fileRef = E7E8F44E25B5A8D600CEEB98 /* DataDecoder.swift */; };
		E7E8F47C25B5A8F000CEEB98 /* AudioByteBufferEngine.swift in Sources */ = {isa = PBXBuildFile; fileRef = E7E8F45825B5A8F000CEEB98 /* AudioByteBufferEngine.swift */; };
		E7E8F47D25B5A8F000CEEB98 /* AudioBufferEngine.swift in Sources */ = {isa = PBXBuildFile; fileRef = E7E8F45925B5A8F000CEEB98 /* AudioBufferEngine.swift */; };
		E7E8F47E25B5A8F000CEEB98 /* AudioPCMBufferEngine.swift in Sources */ = {isa = PBXBuildFile; fileRef = E7E8F45A25B5A8F000CEEB98 /* AudioPCMBufferEngine.swift */; };
		E7E8F47F25B5A8F000CEEB98 /* AudioPCMBufferPlayer.swift in Sources */ = {isa = PBXBuildFile; fileRef = E7E8F45B25B5A8F000CEEB98 /* AudioPCMBufferPlayer.swift */; };
		E7E8F48025B5A8F000CEEB98 /* AudioByteBufferPlayer.swift in Sources */ = {isa = PBXBuildFile; fileRef = E7E8F45C25B5A8F000CEEB98 /* AudioByteBufferPlayer.swift */; };
		E7E8F48125B5A8F000CEEB98 /* AudioBufferPlayer.swift in Sources */ = {isa = PBXBuildFile; fileRef = E7E8F45D25B5A8F000CEEB98 /* AudioBufferPlayer.swift */; };
		E7E8F48225B5A8F000CEEB98 /* BoundedValue.swift in Sources */ = {isa = PBXBuildFile; fileRef = E7E8F45F25B5A8F000CEEB98 /* BoundedValue.swift */; };
		E7E8F48325B5A8F000CEEB98 /* VoidFunction.swift in Sources */ = {isa = PBXBuildFile; fileRef = E7E8F46025B5A8F000CEEB98 /* VoidFunction.swift */; };
		E7E8F48425B5A8F000CEEB98 /* RoundingAccuracy.swift in Sources */ = {isa = PBXBuildFile; fileRef = E7E8F46125B5A8F000CEEB98 /* RoundingAccuracy.swift */; };
		E7E8F48525B5A8F000CEEB98 /* MeowingFragmentManager.swift in Sources */ = {isa = PBXBuildFile; fileRef = E7E8F46325B5A8F000CEEB98 /* MeowingFragmentManager.swift */; };
		E7E8F48625B5A8F000CEEB98 /* BreathingFragmentManager.swift in Sources */ = {isa = PBXBuildFile; fileRef = E7E8F46425B5A8F000CEEB98 /* BreathingFragmentManager.swift */; };
		E7E8F48725B5A8F000CEEB98 /* BreathingSoundPlayer.swift in Sources */ = {isa = PBXBuildFile; fileRef = E7E8F46625B5A8F000CEEB98 /* BreathingSoundPlayer.swift */; };
		E7E8F48825B5A8F000CEEB98 /* SoundPlayer.swift in Sources */ = {isa = PBXBuildFile; fileRef = E7E8F46725B5A8F000CEEB98 /* SoundPlayer.swift */; };
		E7E8F48925B5A8F000CEEB98 /* MeowingSoundPlayer.swift in Sources */ = {isa = PBXBuildFile; fileRef = E7E8F46825B5A8F000CEEB98 /* MeowingSoundPlayer.swift */; };
		E7E8F48A25B5A8F000CEEB98 /* Array.swift in Sources */ = {isa = PBXBuildFile; fileRef = E7E8F46A25B5A8F000CEEB98 /* Array.swift */; };
		E7E8F48B25B5A8F000CEEB98 /* Numeric.swift in Sources */ = {isa = PBXBuildFile; fileRef = E7E8F46B25B5A8F000CEEB98 /* Numeric.swift */; };
		E7E8F48C25B5A8F000CEEB98 /* Timer.swift in Sources */ = {isa = PBXBuildFile; fileRef = E7E8F46C25B5A8F000CEEB98 /* Timer.swift */; };
		E7E8F48D25B5A8F000CEEB98 /* BinaryFloatingPoint.swift in Sources */ = {isa = PBXBuildFile; fileRef = E7E8F46D25B5A8F000CEEB98 /* BinaryFloatingPoint.swift */; };
		E7E8F48E25B5A8F000CEEB98 /* AVAudioEngine.swift in Sources */ = {isa = PBXBuildFile; fileRef = E7E8F46E25B5A8F000CEEB98 /* AVAudioEngine.swift */; };
		E7E8F48F25B5A8F000CEEB98 /* DistanceProcessor.swift in Sources */ = {isa = PBXBuildFile; fileRef = E7E8F47025B5A8F000CEEB98 /* DistanceProcessor.swift */; };
		E7E8F49025B5A8F000CEEB98 /* FragmentManagerCreator.swift in Sources */ = {isa = PBXBuildFile; fileRef = E7E8F47225B5A8F000CEEB98 /* FragmentManagerCreator.swift */; };
		E7E8F49125B5A8F000CEEB98 /* PlaybackControllerCreator.swift in Sources */ = {isa = PBXBuildFile; fileRef = E7E8F47325B5A8F000CEEB98 /* PlaybackControllerCreator.swift */; };
		E7E8F49225B5A8F000CEEB98 /* SoundPlayerCreator.swift in Sources */ = {isa = PBXBuildFile; fileRef = E7E8F47425B5A8F000CEEB98 /* SoundPlayerCreator.swift */; };
		E7E8F49325B5A8F000CEEB98 /* MeowingPlaybackController.swift in Sources */ = {isa = PBXBuildFile; fileRef = E7E8F47625B5A8F000CEEB98 /* MeowingPlaybackController.swift */; };
		E7E8F49425B5A8F000CEEB98 /* BreathingPlaybackController.swift in Sources */ = {isa = PBXBuildFile; fileRef = E7E8F47725B5A8F000CEEB98 /* BreathingPlaybackController.swift */; };
		E7E8F49525B5A8F000CEEB98 /* PlaybackSystem.swift in Sources */ = {isa = PBXBuildFile; fileRef = E7E8F47825B5A8F000CEEB98 /* PlaybackSystem.swift */; };
		E7E8F49625B5A8F000CEEB98 /* BreathingPhases.swift in Sources */ = {isa = PBXBuildFile; fileRef = E7E8F47A25B5A8F000CEEB98 /* BreathingPhases.swift */; };
		E7E8F49725B5A8F000CEEB98 /* SoundFragment.swift in Sources */ = {isa = PBXBuildFile; fileRef = E7E8F47B25B5A8F000CEEB98 /* SoundFragment.swift */; };
		E7E8F4A225B5A94400CEEB98 /* MeowingIntervals.plist in Resources */ = {isa = PBXBuildFile; fileRef = E7E8F49D25B5A94400CEEB98 /* MeowingIntervals.plist */; };
		E7E8F4A325B5A94400CEEB98 /* Exhalation.m4a in Resources */ = {isa = PBXBuildFile; fileRef = E7E8F49F25B5A94400CEEB98 /* Exhalation.m4a */; };
		E7E8F4A425B5A94400CEEB98 /* Inhalation.m4a in Resources */ = {isa = PBXBuildFile; fileRef = E7E8F4A025B5A94400CEEB98 /* Inhalation.m4a */; };
		E7E8F4A525B5A94400CEEB98 /* Meowing.m4a in Resources */ = {isa = PBXBuildFile; fileRef = E7E8F4A125B5A94400CEEB98 /* Meowing.m4a */; };
		E7EE0D7A25BC0C2800638D2F /* SimpleSliderValueLabelTextModifier.swift in Sources */ = {isa = PBXBuildFile; fileRef = E7EE0D7825BC0C2800638D2F /* SimpleSliderValueLabelTextModifier.swift */; };
		E7EE0D7B25BC0C2800638D2F /* SimpleSliderValueLabels.swift in Sources */ = {isa = PBXBuildFile; fileRef = E7EE0D7925BC0C2800638D2F /* SimpleSliderValueLabels.swift */; };
		E7F9846A2653FD9F002CDE6A /* ShutdownTimePicker.swift in Sources */ = {isa = PBXBuildFile; fileRef = E7F984692653FD9F002CDE6A /* ShutdownTimePicker.swift */; };
		E7F9846C265406FD002CDE6A /* ActionButton.swift in Sources */ = {isa = PBXBuildFile; fileRef = E7F9846B265406FD002CDE6A /* ActionButton.swift */; };
		E7F9846E26541266002CDE6A /* ShutdownTimerEnvironment.swift in Sources */ = {isa = PBXBuildFile; fileRef = E7F9846D26541266002CDE6A /* ShutdownTimerEnvironment.swift */; };
		E7F984702654168A002CDE6A /* TimeSelection.swift in Sources */ = {isa = PBXBuildFile; fileRef = E7F9846F2654168A002CDE6A /* TimeSelection.swift */; };
/* End PBXBuildFile section */

/* Begin PBXFileReference section */
		E7109B8825C4A1ED00A2862F /* PlaybackControlPanel.swift */ = {isa = PBXFileReference; lastKnownFileType = sourcecode.swift; path = PlaybackControlPanel.swift; sourceTree = "<group>"; };
		E7109B8D25C4AF4200A2862F /* Dictionary.swift */ = {isa = PBXFileReference; lastKnownFileType = sourcecode.swift; path = Dictionary.swift; sourceTree = "<group>"; };
		E7109B9625C522CE00A2862F /* PlaybackSystemEnvironment.swift */ = {isa = PBXFileReference; lastKnownFileType = sourcecode.swift; path = PlaybackSystemEnvironment.swift; sourceTree = "<group>"; };
		E7109B9E25C5253600A2862F /* PlaybackSettingsEnvironment.swift */ = {isa = PBXFileReference; lastKnownFileType = sourcecode.swift; path = PlaybackSettingsEnvironment.swift; sourceTree = "<group>"; };
		E7109BA625C52B2200A2862F /* PlayerScreen.swift */ = {isa = PBXFileReference; lastKnownFileType = sourcecode.swift; path = PlayerScreen.swift; sourceTree = "<group>"; };
		E713E2AF261CD98700A29BB0 /* Logo.swift */ = {isa = PBXFileReference; lastKnownFileType = sourcecode.swift; path = Logo.swift; sourceTree = "<group>"; };
		E7156BBD25C1822600B7F211 /* IconButton.swift */ = {isa = PBXFileReference; lastKnownFileType = sourcecode.swift; path = IconButton.swift; sourceTree = "<group>"; };
		E7156BD325C18A2D00B7F211 /* PlayerControlPanel.swift */ = {isa = PBXFileReference; lastKnownFileType = sourcecode.swift; path = PlayerControlPanel.swift; sourceTree = "<group>"; };
		E71C392E25CD7DD900535296 /* Bounded.swift */ = {isa = PBXFileReference; lastKnownFileType = sourcecode.swift; path = Bounded.swift; sourceTree = "<group>"; };
		E720DF8A264EE1E10058A6F7 /* TimePickerData.swift */ = {isa = PBXFileReference; lastKnownFileType = sourcecode.swift; path = TimePickerData.swift; sourceTree = "<group>"; };
		E7239DDF25C4350500FFBF5A /* PlaybackSettingMetadata.swift */ = {isa = PBXFileReference; lastKnownFileType = sourcecode.swift; path = PlaybackSettingMetadata.swift; sourceTree = "<group>"; };
		E7239DF025C445F300FFBF5A /* PlaybackSetting.swift */ = {isa = PBXFileReference; lastKnownFileType = sourcecode.swift; path = PlaybackSetting.swift; sourceTree = "<group>"; };
		E7298F52265FB3AF000FB2E3 /* ShutdownTimePickerViewModel.swift */ = {isa = PBXFileReference; lastKnownFileType = sourcecode.swift; path = ShutdownTimePickerViewModel.swift; sourceTree = "<group>"; };
		E72E1E1926600A9200894D73 /* TimeOptions.swift */ = {isa = PBXFileReference; lastKnownFileType = sourcecode.swift; path = TimeOptions.swift; sourceTree = "<group>"; };
		E74A0FA0261E2C10003FBFD7 /* AudioSession.swift */ = {isa = PBXFileReference; lastKnownFileType = sourcecode.swift; path = AudioSession.swift; sourceTree = "<group>"; };
		E75AA7B52615FBB200740B7C /* RoundedCorner.swift */ = {isa = PBXFileReference; lastKnownFileType = sourcecode.swift; path = RoundedCorner.swift; sourceTree = "<group>"; };
		E766A4F2262339F4008D6E8E /* ImageRepository.swift */ = {isa = PBXFileReference; lastKnownFileType = sourcecode.swift; path = ImageRepository.swift; sourceTree = "<group>"; };
		E775032225B75FBD00D4E9FC /* SliderBuilder.swift */ = {isa = PBXFileReference; fileEncoding = 4; lastKnownFileType = sourcecode.swift; path = SliderBuilder.swift; sourceTree = "<group>"; };
		E775032725B75FC800D4E9FC /* SliderTemplateModifiers.swift */ = {isa = PBXFileReference; fileEncoding = 4; lastKnownFileType = sourcecode.swift; path = SliderTemplateModifiers.swift; sourceTree = "<group>"; };
		E775032C25B75FCE00D4E9FC /* SliderComponentModifier.swift */ = {isa = PBXFileReference; fileEncoding = 4; lastKnownFileType = sourcecode.swift; path = SliderComponentModifier.swift; sourceTree = "<group>"; };
		E77526E625C9C4E200BC481B /* PlaybackSystemSettingsBounds.swift */ = {isa = PBXFileReference; lastKnownFileType = sourcecode.swift; path = PlaybackSystemSettingsBounds.swift; sourceTree = "<group>"; };
		E78463A2261504420097CDFB /* PlayerView.swift */ = {isa = PBXFileReference; lastKnownFileType = sourcecode.swift; path = PlayerView.swift; sourceTree = "<group>"; };
		E78463A8261505540097CDFB /* Color.swift */ = {isa = PBXFileReference; lastKnownFileType = sourcecode.swift; path = Color.swift; sourceTree = "<group>"; };
		E78463B826150C9C0097CDFB /* View.swift */ = {isa = PBXFileReference; lastKnownFileType = sourcecode.swift; path = View.swift; sourceTree = "<group>"; };
		E78463BD26150DAC0097CDFB /* PlayerBackgroundImage.swift */ = {isa = PBXFileReference; lastKnownFileType = sourcecode.swift; path = PlayerBackgroundImage.swift; sourceTree = "<group>"; };
		E78C6EAB261698C100B752D4 /* Kurale-Regular.ttf */ = {isa = PBXFileReference; lastKnownFileType = file; path = "Kurale-Regular.ttf"; sourceTree = "<group>"; };
		E78E99E3264EA98600ABB4FD /* WheelPicker.swift */ = {isa = PBXFileReference; lastKnownFileType = sourcecode.swift; path = WheelPicker.swift; sourceTree = "<group>"; };
		E78E99E5264EA99100ABB4FD /* WheelPickerCoordinator.swift */ = {isa = PBXFileReference; lastKnownFileType = sourcecode.swift; path = WheelPickerCoordinator.swift; sourceTree = "<group>"; };
		E78E99E8264EBB4A00ABB4FD /* TimePicker.swift */ = {isa = PBXFileReference; lastKnownFileType = sourcecode.swift; path = TimePicker.swift; sourceTree = "<group>"; };
		E78E99EA264EBB5500ABB4FD /* TimePickerCoordinator.swift */ = {isa = PBXFileReference; lastKnownFileType = sourcecode.swift; path = TimePickerCoordinator.swift; sourceTree = "<group>"; };
		E78FEC5E2620C26F0079DAF7 /* RemoteCommandCenter.swift */ = {isa = PBXFileReference; lastKnownFileType = sourcecode.swift; path = RemoteCommandCenter.swift; sourceTree = "<group>"; };
		E7992B7925C98CC9007F8A86 /* ClosedRange.swift */ = {isa = PBXFileReference; lastKnownFileType = sourcecode.swift; path = ClosedRange.swift; sourceTree = "<group>"; };
		E7BD81D125C1E4880083FE69 /* PlaybackSettingSlider.swift */ = {isa = PBXFileReference; lastKnownFileType = sourcecode.swift; path = PlaybackSettingSlider.swift; sourceTree = "<group>"; };
		E7CAD2C425C3054D007761A9 /* PlaybackSettingPanelViewModel.swift */ = {isa = PBXFileReference; lastKnownFileType = sourcecode.swift; path = PlaybackSettingPanelViewModel.swift; sourceTree = "<group>"; };
		E7CB413325BAF6940035E229 /* SimpleSlider.swift */ = {isa = PBXFileReference; lastKnownFileType = sourcecode.swift; path = SimpleSlider.swift; sourceTree = "<group>"; };
		E7CB414825BB03590035E229 /* SimpleSliderTrack.swift */ = {isa = PBXFileReference; lastKnownFileType = sourcecode.swift; path = SimpleSliderTrack.swift; sourceTree = "<group>"; };
		E7CB415025BB036A0035E229 /* SimpleSliderThumb.swift */ = {isa = PBXFileReference; lastKnownFileType = sourcecode.swift; path = SimpleSliderThumb.swift; sourceTree = "<group>"; };
		E7CB415825BB052F0035E229 /* SimpleSliderTrackShapeModifier.swift */ = {isa = PBXFileReference; lastKnownFileType = sourcecode.swift; path = SimpleSliderTrackShapeModifier.swift; sourceTree = "<group>"; };
		E7D9A81F25BED63A00EE072A /* PlaybackSettingPanel.swift */ = {isa = PBXFileReference; lastKnownFileType = sourcecode.swift; path = PlaybackSettingPanel.swift; sourceTree = "<group>"; };
		E7D9A82725BEE5F400EE072A /* PlaybackSettingType.swift */ = {isa = PBXFileReference; lastKnownFileType = sourcecode.swift; path = PlaybackSettingType.swift; sourceTree = "<group>"; };
		E7E8F41725B5A85F00CEEB98 /* YouAndMeow.app */ = {isa = PBXFileReference; explicitFileType = wrapper.application; includeInIndex = 0; path = YouAndMeow.app; sourceTree = BUILT_PRODUCTS_DIR; };
		E7E8F41A25B5A85F00CEEB98 /* YouAndMeowApp.swift */ = {isa = PBXFileReference; lastKnownFileType = sourcecode.swift; path = YouAndMeowApp.swift; sourceTree = "<group>"; };
		E7E8F41E25B5A86000CEEB98 /* Assets.xcassets */ = {isa = PBXFileReference; lastKnownFileType = folder.assetcatalog; path = Assets.xcassets; sourceTree = "<group>"; };
		E7E8F42325B5A86000CEEB98 /* Info.plist */ = {isa = PBXFileReference; lastKnownFileType = text.plist.xml; path = Info.plist; sourceTree = "<group>"; };
		E7E8F44925B5A8D600CEEB98 /* SoundRepository.swift */ = {isa = PBXFileReference; fileEncoding = 4; lastKnownFileType = sourcecode.swift; path = SoundRepository.swift; sourceTree = "<group>"; };
		E7E8F44B25B5A8D600CEEB98 /* FileManager.swift */ = {isa = PBXFileReference; fileEncoding = 4; lastKnownFileType = sourcecode.swift; path = FileManager.swift; sourceTree = "<group>"; };
		E7E8F44C25B5A8D600CEEB98 /* IntervalsRepository.swift */ = {isa = PBXFileReference; fileEncoding = 4; lastKnownFileType = sourcecode.swift; path = IntervalsRepository.swift; sourceTree = "<group>"; };
		E7E8F44E25B5A8D600CEEB98 /* DataDecoder.swift */ = {isa = PBXFileReference; fileEncoding = 4; lastKnownFileType = sourcecode.swift; path = DataDecoder.swift; sourceTree = "<group>"; };
		E7E8F45825B5A8F000CEEB98 /* AudioByteBufferEngine.swift */ = {isa = PBXFileReference; fileEncoding = 4; lastKnownFileType = sourcecode.swift; path = AudioByteBufferEngine.swift; sourceTree = "<group>"; };
		E7E8F45925B5A8F000CEEB98 /* AudioBufferEngine.swift */ = {isa = PBXFileReference; fileEncoding = 4; lastKnownFileType = sourcecode.swift; path = AudioBufferEngine.swift; sourceTree = "<group>"; };
		E7E8F45A25B5A8F000CEEB98 /* AudioPCMBufferEngine.swift */ = {isa = PBXFileReference; fileEncoding = 4; lastKnownFileType = sourcecode.swift; path = AudioPCMBufferEngine.swift; sourceTree = "<group>"; };
		E7E8F45B25B5A8F000CEEB98 /* AudioPCMBufferPlayer.swift */ = {isa = PBXFileReference; fileEncoding = 4; lastKnownFileType = sourcecode.swift; path = AudioPCMBufferPlayer.swift; sourceTree = "<group>"; };
		E7E8F45C25B5A8F000CEEB98 /* AudioByteBufferPlayer.swift */ = {isa = PBXFileReference; fileEncoding = 4; lastKnownFileType = sourcecode.swift; path = AudioByteBufferPlayer.swift; sourceTree = "<group>"; };
		E7E8F45D25B5A8F000CEEB98 /* AudioBufferPlayer.swift */ = {isa = PBXFileReference; fileEncoding = 4; lastKnownFileType = sourcecode.swift; path = AudioBufferPlayer.swift; sourceTree = "<group>"; };
		E7E8F45F25B5A8F000CEEB98 /* BoundedValue.swift */ = {isa = PBXFileReference; fileEncoding = 4; lastKnownFileType = sourcecode.swift; path = BoundedValue.swift; sourceTree = "<group>"; };
		E7E8F46025B5A8F000CEEB98 /* VoidFunction.swift */ = {isa = PBXFileReference; fileEncoding = 4; lastKnownFileType = sourcecode.swift; path = VoidFunction.swift; sourceTree = "<group>"; };
		E7E8F46125B5A8F000CEEB98 /* RoundingAccuracy.swift */ = {isa = PBXFileReference; fileEncoding = 4; lastKnownFileType = sourcecode.swift; path = RoundingAccuracy.swift; sourceTree = "<group>"; };
		E7E8F46325B5A8F000CEEB98 /* MeowingFragmentManager.swift */ = {isa = PBXFileReference; fileEncoding = 4; lastKnownFileType = sourcecode.swift; path = MeowingFragmentManager.swift; sourceTree = "<group>"; };
		E7E8F46425B5A8F000CEEB98 /* BreathingFragmentManager.swift */ = {isa = PBXFileReference; fileEncoding = 4; lastKnownFileType = sourcecode.swift; path = BreathingFragmentManager.swift; sourceTree = "<group>"; };
		E7E8F46625B5A8F000CEEB98 /* BreathingSoundPlayer.swift */ = {isa = PBXFileReference; fileEncoding = 4; lastKnownFileType = sourcecode.swift; path = BreathingSoundPlayer.swift; sourceTree = "<group>"; };
		E7E8F46725B5A8F000CEEB98 /* SoundPlayer.swift */ = {isa = PBXFileReference; fileEncoding = 4; lastKnownFileType = sourcecode.swift; path = SoundPlayer.swift; sourceTree = "<group>"; };
		E7E8F46825B5A8F000CEEB98 /* MeowingSoundPlayer.swift */ = {isa = PBXFileReference; fileEncoding = 4; lastKnownFileType = sourcecode.swift; path = MeowingSoundPlayer.swift; sourceTree = "<group>"; };
		E7E8F46A25B5A8F000CEEB98 /* Array.swift */ = {isa = PBXFileReference; fileEncoding = 4; lastKnownFileType = sourcecode.swift; path = Array.swift; sourceTree = "<group>"; };
		E7E8F46B25B5A8F000CEEB98 /* Numeric.swift */ = {isa = PBXFileReference; fileEncoding = 4; lastKnownFileType = sourcecode.swift; path = Numeric.swift; sourceTree = "<group>"; };
		E7E8F46C25B5A8F000CEEB98 /* Timer.swift */ = {isa = PBXFileReference; fileEncoding = 4; lastKnownFileType = sourcecode.swift; path = Timer.swift; sourceTree = "<group>"; };
		E7E8F46D25B5A8F000CEEB98 /* BinaryFloatingPoint.swift */ = {isa = PBXFileReference; fileEncoding = 4; lastKnownFileType = sourcecode.swift; path = BinaryFloatingPoint.swift; sourceTree = "<group>"; };
		E7E8F46E25B5A8F000CEEB98 /* AVAudioEngine.swift */ = {isa = PBXFileReference; fileEncoding = 4; lastKnownFileType = sourcecode.swift; path = AVAudioEngine.swift; sourceTree = "<group>"; };
		E7E8F47025B5A8F000CEEB98 /* DistanceProcessor.swift */ = {isa = PBXFileReference; fileEncoding = 4; lastKnownFileType = sourcecode.swift; path = DistanceProcessor.swift; sourceTree = "<group>"; };
		E7E8F47225B5A8F000CEEB98 /* FragmentManagerCreator.swift */ = {isa = PBXFileReference; fileEncoding = 4; lastKnownFileType = sourcecode.swift; path = FragmentManagerCreator.swift; sourceTree = "<group>"; };
		E7E8F47325B5A8F000CEEB98 /* PlaybackControllerCreator.swift */ = {isa = PBXFileReference; fileEncoding = 4; lastKnownFileType = sourcecode.swift; path = PlaybackControllerCreator.swift; sourceTree = "<group>"; };
		E7E8F47425B5A8F000CEEB98 /* SoundPlayerCreator.swift */ = {isa = PBXFileReference; fileEncoding = 4; lastKnownFileType = sourcecode.swift; path = SoundPlayerCreator.swift; sourceTree = "<group>"; };
		E7E8F47625B5A8F000CEEB98 /* MeowingPlaybackController.swift */ = {isa = PBXFileReference; fileEncoding = 4; lastKnownFileType = sourcecode.swift; path = MeowingPlaybackController.swift; sourceTree = "<group>"; };
		E7E8F47725B5A8F000CEEB98 /* BreathingPlaybackController.swift */ = {isa = PBXFileReference; fileEncoding = 4; lastKnownFileType = sourcecode.swift; path = BreathingPlaybackController.swift; sourceTree = "<group>"; };
		E7E8F47825B5A8F000CEEB98 /* PlaybackSystem.swift */ = {isa = PBXFileReference; fileEncoding = 4; lastKnownFileType = sourcecode.swift; path = PlaybackSystem.swift; sourceTree = "<group>"; };
		E7E8F47A25B5A8F000CEEB98 /* BreathingPhases.swift */ = {isa = PBXFileReference; fileEncoding = 4; lastKnownFileType = sourcecode.swift; path = BreathingPhases.swift; sourceTree = "<group>"; };
		E7E8F47B25B5A8F000CEEB98 /* SoundFragment.swift */ = {isa = PBXFileReference; fileEncoding = 4; lastKnownFileType = sourcecode.swift; path = SoundFragment.swift; sourceTree = "<group>"; };
		E7E8F49D25B5A94400CEEB98 /* MeowingIntervals.plist */ = {isa = PBXFileReference; fileEncoding = 4; lastKnownFileType = text.plist.xml; path = MeowingIntervals.plist; sourceTree = "<group>"; };
		E7E8F49F25B5A94400CEEB98 /* Exhalation.m4a */ = {isa = PBXFileReference; lastKnownFileType = file; path = Exhalation.m4a; sourceTree = "<group>"; };
		E7E8F4A025B5A94400CEEB98 /* Inhalation.m4a */ = {isa = PBXFileReference; lastKnownFileType = file; path = Inhalation.m4a; sourceTree = "<group>"; };
		E7E8F4A125B5A94400CEEB98 /* Meowing.m4a */ = {isa = PBXFileReference; lastKnownFileType = file; path = Meowing.m4a; sourceTree = "<group>"; };
		E7EE0D7825BC0C2800638D2F /* SimpleSliderValueLabelTextModifier.swift */ = {isa = PBXFileReference; fileEncoding = 4; lastKnownFileType = sourcecode.swift; path = SimpleSliderValueLabelTextModifier.swift; sourceTree = "<group>"; };
		E7EE0D7925BC0C2800638D2F /* SimpleSliderValueLabels.swift */ = {isa = PBXFileReference; fileEncoding = 4; lastKnownFileType = sourcecode.swift; path = SimpleSliderValueLabels.swift; sourceTree = "<group>"; };
		E7F984692653FD9F002CDE6A /* ShutdownTimePicker.swift */ = {isa = PBXFileReference; lastKnownFileType = sourcecode.swift; path = ShutdownTimePicker.swift; sourceTree = "<group>"; };
		E7F9846B265406FD002CDE6A /* ActionButton.swift */ = {isa = PBXFileReference; lastKnownFileType = sourcecode.swift; path = ActionButton.swift; sourceTree = "<group>"; };
		E7F9846D26541266002CDE6A /* ShutdownTimerEnvironment.swift */ = {isa = PBXFileReference; lastKnownFileType = sourcecode.swift; path = ShutdownTimerEnvironment.swift; sourceTree = "<group>"; };
		E7F9846F2654168A002CDE6A /* TimeSelection.swift */ = {isa = PBXFileReference; lastKnownFileType = sourcecode.swift; path = TimeSelection.swift; sourceTree = "<group>"; };
/* End PBXFileReference section */

/* Begin PBXFrameworksBuildPhase section */
		E7E8F41425B5A85F00CEEB98 /* Frameworks */ = {
			isa = PBXFrameworksBuildPhase;
			buildActionMask = 2147483647;
			files = (
			);
			runOnlyForDeploymentPostprocessing = 0;
		};
/* End PBXFrameworksBuildPhase section */

/* Begin PBXGroup section */
		E7109B9525C5225B00A2862F /* Environment */ = {
			isa = PBXGroup;
			children = (
				E7109B9E25C5253600A2862F /* PlaybackSettingsEnvironment.swift */,
				E7109B9625C522CE00A2862F /* PlaybackSystemEnvironment.swift */,
				E7F9846D26541266002CDE6A /* ShutdownTimerEnvironment.swift */,
			);
			path = Environment;
			sourceTree = "<group>";
		};
		E71C392D25CD7DC900535296 /* PropertyWrappers */ = {
			isa = PBXGroup;
			children = (
				E71C392E25CD7DD900535296 /* Bounded.swift */,
			);
			path = PropertyWrappers;
			sourceTree = "<group>";
		};
		E72F723425C00BAE000B8094 /* Extensions */ = {
			isa = PBXGroup;
			children = (
				E7E8F46E25B5A8F000CEEB98 /* AVAudioEngine.swift */,
			);
			path = Extensions;
			sourceTree = "<group>";
		};
		E7596140261CA6180049CA95 /* Screens */ = {
			isa = PBXGroup;
			children = (
				E773481C25BF401D004B6DF2 /* Player */,
			);
			path = Screens;
			sourceTree = "<group>";
		};
		E766CE9C25BF434E00E9F0E7 /* Models */ = {
			isa = PBXGroup;
			children = (
				E7239DF025C445F300FFBF5A /* PlaybackSetting.swift */,
				E7239DDF25C4350500FFBF5A /* PlaybackSettingMetadata.swift */,
				E7D9A82725BEE5F400EE072A /* PlaybackSettingType.swift */,
				E72E1E1926600A9200894D73 /* TimeOptions.swift */,
				E7F9846F2654168A002CDE6A /* TimeSelection.swift */,
			);
			path = Models;
			sourceTree = "<group>";
		};
		E766CEA325BF442C00E9F0E7 /* ViewModels */ = {
			isa = PBXGroup;
			children = (
				E7CAD2C425C3054D007761A9 /* PlaybackSettingPanelViewModel.swift */,
				E7298F52265FB3AF000FB2E3 /* ShutdownTimePickerViewModel.swift */,
			);
			path = ViewModels;
			sourceTree = "<group>";
		};
		E773481C25BF401D004B6DF2 /* Player */ = {
			isa = PBXGroup;
			children = (
				E7109B9525C5225B00A2862F /* Environment */,
				E766CE9C25BF434E00E9F0E7 /* Models */,
				E766CEA325BF442C00E9F0E7 /* ViewModels */,
				E775032025B75F9C00D4E9FC /* Views */,
				E7109BA625C52B2200A2862F /* PlayerScreen.swift */,
			);
			path = Player;
			sourceTree = "<group>";
		};
		E773481D25BF4032004B6DF2 /* Shared */ = {
			isa = PBXGroup;
			children = (
				E773481E25BF403D004B6DF2 /* Views */,
			);
			path = Shared;
			sourceTree = "<group>";
		};
		E773481E25BF403D004B6DF2 /* Views */ = {
			isa = PBXGroup;
			children = (
				E7CB414725BB03410035E229 /* SimpleSlider */,
				E775032125B75FA900D4E9FC /* SliderBuilder */,
				E78E99E7264EBB3800ABB4FD /* TimePicker */,
				E78E99E2264EA97400ABB4FD /* WheelPicker */,
				E7F9846B265406FD002CDE6A /* ActionButton.swift */,
				E7156BBD25C1822600B7F211 /* IconButton.swift */,
				E713E2AF261CD98700A29BB0 /* Logo.swift */,
				E75AA7B52615FBB200740B7C /* RoundedCorner.swift */,
			);
			path = Views;
			sourceTree = "<group>";
		};
		E775031F25B75F8700D4E9FC /* UI */ = {
			isa = PBXGroup;
			children = (
				E78463A72615051B0097CDFB /* Extensions */,
				E7596140261CA6180049CA95 /* Screens */,
				E773481D25BF4032004B6DF2 /* Shared */,
			);
			path = UI;
			sourceTree = "<group>";
		};
		E775032025B75F9C00D4E9FC /* Views */ = {
			isa = PBXGroup;
			children = (
				E7109B8825C4A1ED00A2862F /* PlaybackControlPanel.swift */,
				E7D9A81F25BED63A00EE072A /* PlaybackSettingPanel.swift */,
				E7BD81D125C1E4880083FE69 /* PlaybackSettingSlider.swift */,
				E78463BD26150DAC0097CDFB /* PlayerBackgroundImage.swift */,
				E7156BD325C18A2D00B7F211 /* PlayerControlPanel.swift */,
				E78463A2261504420097CDFB /* PlayerView.swift */,
				E7F984692653FD9F002CDE6A /* ShutdownTimePicker.swift */,
			);
			path = Views;
			sourceTree = "<group>";
		};
		E775032125B75FA900D4E9FC /* SliderBuilder */ = {
			isa = PBXGroup;
			children = (
				E775032225B75FBD00D4E9FC /* SliderBuilder.swift */,
				E775032C25B75FCE00D4E9FC /* SliderComponentModifier.swift */,
				E775032725B75FC800D4E9FC /* SliderTemplateModifiers.swift */,
			);
			path = SliderBuilder;
			sourceTree = "<group>";
		};
		E78463A72615051B0097CDFB /* Extensions */ = {
			isa = PBXGroup;
			children = (
				E78463A8261505540097CDFB /* Color.swift */,
				E78463B826150C9C0097CDFB /* View.swift */,
			);
			path = Extensions;
			sourceTree = "<group>";
		};
		E78C6EAA2616988100B752D4 /* Fonts */ = {
			isa = PBXGroup;
			children = (
				E78C6EAB261698C100B752D4 /* Kurale-Regular.ttf */,
			);
			path = Fonts;
			sourceTree = "<group>";
		};
		E78E99E2264EA97400ABB4FD /* WheelPicker */ = {
			isa = PBXGroup;
			children = (
				E78E99E3264EA98600ABB4FD /* WheelPicker.swift */,
				E78E99E5264EA99100ABB4FD /* WheelPickerCoordinator.swift */,
			);
			path = WheelPicker;
			sourceTree = "<group>";
		};
		E78E99E7264EBB3800ABB4FD /* TimePicker */ = {
			isa = PBXGroup;
			children = (
				E78E99E8264EBB4A00ABB4FD /* TimePicker.swift */,
				E78E99EA264EBB5500ABB4FD /* TimePickerCoordinator.swift */,
				E720DF8A264EE1E10058A6F7 /* TimePickerData.swift */,
			);
			path = TimePicker;
			sourceTree = "<group>";
		};
		E7CB414725BB03410035E229 /* SimpleSlider */ = {
			isa = PBXGroup;
			children = (
				E7CB413325BAF6940035E229 /* SimpleSlider.swift */,
				E7CB415025BB036A0035E229 /* SimpleSliderThumb.swift */,
				E7CB414825BB03590035E229 /* SimpleSliderTrack.swift */,
				E7CB415825BB052F0035E229 /* SimpleSliderTrackShapeModifier.swift */,
				E7EE0D7925BC0C2800638D2F /* SimpleSliderValueLabels.swift */,
				E7EE0D7825BC0C2800638D2F /* SimpleSliderValueLabelTextModifier.swift */,
			);
			path = SimpleSlider;
			sourceTree = "<group>";
		};
		E7E8F40E25B5A85F00CEEB98 = {
			isa = PBXGroup;
			children = (
				E7E8F41925B5A85F00CEEB98 /* YouAndMeow */,
				E7E8F41825B5A85F00CEEB98 /* Products */,
			);
			sourceTree = "<group>";
		};
		E7E8F41825B5A85F00CEEB98 /* Products */ = {
			isa = PBXGroup;
			children = (
				E7E8F41725B5A85F00CEEB98 /* YouAndMeow.app */,
			);
			name = Products;
			sourceTree = "<group>";
		};
		E7E8F41925B5A85F00CEEB98 /* YouAndMeow */ = {
			isa = PBXGroup;
			children = (
				E7E8F44825B5A8D600CEEB98 /* DataRepositories */,
				E7E8F46925B5A8F000CEEB98 /* Extensions */,
				E7E8F45625B5A8F000CEEB98 /* PlaybackSystem */,
				E71C392D25CD7DC900535296 /* PropertyWrappers */,
				E7E8F49B25B5A94400CEEB98 /* Static */,
				E7E8F45E25B5A8F000CEEB98 /* Types */,
				E775031F25B75F8700D4E9FC /* UI */,
				E7E8F41A25B5A85F00CEEB98 /* YouAndMeowApp.swift */,
				E7E8F42325B5A86000CEEB98 /* Info.plist */,
			);
			path = YouAndMeow;
			sourceTree = "<group>";
		};
		E7E8F44825B5A8D600CEEB98 /* DataRepositories */ = {
			isa = PBXGroup;
			children = (
				E7E8F44D25B5A8D600CEEB98 /* Decoders */,
				E7E8F44A25B5A8D600CEEB98 /* Managers */,
				E766A4F2262339F4008D6E8E /* ImageRepository.swift */,
				E7E8F44C25B5A8D600CEEB98 /* IntervalsRepository.swift */,
				E7E8F44925B5A8D600CEEB98 /* SoundRepository.swift */,
			);
			path = DataRepositories;
			sourceTree = "<group>";
		};
		E7E8F44A25B5A8D600CEEB98 /* Managers */ = {
			isa = PBXGroup;
			children = (
				E7E8F44B25B5A8D600CEEB98 /* FileManager.swift */,
			);
			path = Managers;
			sourceTree = "<group>";
		};
		E7E8F44D25B5A8D600CEEB98 /* Decoders */ = {
			isa = PBXGroup;
			children = (
				E7E8F44E25B5A8D600CEEB98 /* DataDecoder.swift */,
			);
			path = Decoders;
			sourceTree = "<group>";
		};
		E7E8F45625B5A8F000CEEB98 /* PlaybackSystem */ = {
			isa = PBXGroup;
			children = (
				E7E8F45725B5A8F000CEEB98 /* AudioEngines */,
				E7E8F47525B5A8F000CEEB98 /* Controllers */,
				E7E8F47125B5A8F000CEEB98 /* Creators */,
				E7E8F47925B5A8F000CEEB98 /* Entities */,
				E72F723425C00BAE000B8094 /* Extensions */,
				E7E8F46225B5A8F000CEEB98 /* Managers */,
				E7E8F46F25B5A8F000CEEB98 /* Processors */,
				E7E8F46525B5A8F000CEEB98 /* SoundPlayers */,
				E74A0FA0261E2C10003FBFD7 /* AudioSession.swift */,
				E7E8F47825B5A8F000CEEB98 /* PlaybackSystem.swift */,
				E77526E625C9C4E200BC481B /* PlaybackSystemSettingsBounds.swift */,
				E78FEC5E2620C26F0079DAF7 /* RemoteCommandCenter.swift */,
			);
			path = PlaybackSystem;
			sourceTree = "<group>";
		};
		E7E8F45725B5A8F000CEEB98 /* AudioEngines */ = {
			isa = PBXGroup;
			children = (
				E7E8F45925B5A8F000CEEB98 /* AudioBufferEngine.swift */,
				E7E8F45D25B5A8F000CEEB98 /* AudioBufferPlayer.swift */,
				E7E8F45825B5A8F000CEEB98 /* AudioByteBufferEngine.swift */,
				E7E8F45C25B5A8F000CEEB98 /* AudioByteBufferPlayer.swift */,
				E7E8F45A25B5A8F000CEEB98 /* AudioPCMBufferEngine.swift */,
				E7E8F45B25B5A8F000CEEB98 /* AudioPCMBufferPlayer.swift */,
			);
			path = AudioEngines;
			sourceTree = "<group>";
		};
		E7E8F45E25B5A8F000CEEB98 /* Types */ = {
			isa = PBXGroup;
			children = (
				E7E8F45F25B5A8F000CEEB98 /* BoundedValue.swift */,
				E7E8F46125B5A8F000CEEB98 /* RoundingAccuracy.swift */,
				E7E8F46025B5A8F000CEEB98 /* VoidFunction.swift */,
			);
			path = Types;
			sourceTree = "<group>";
		};
		E7E8F46225B5A8F000CEEB98 /* Managers */ = {
			isa = PBXGroup;
			children = (
				E7E8F46425B5A8F000CEEB98 /* BreathingFragmentManager.swift */,
				E7E8F46325B5A8F000CEEB98 /* MeowingFragmentManager.swift */,
			);
			path = Managers;
			sourceTree = "<group>";
		};
		E7E8F46525B5A8F000CEEB98 /* SoundPlayers */ = {
			isa = PBXGroup;
			children = (
				E7E8F46625B5A8F000CEEB98 /* BreathingSoundPlayer.swift */,
				E7E8F46825B5A8F000CEEB98 /* MeowingSoundPlayer.swift */,
				E7E8F46725B5A8F000CEEB98 /* SoundPlayer.swift */,
			);
			path = SoundPlayers;
			sourceTree = "<group>";
		};
		E7E8F46925B5A8F000CEEB98 /* Extensions */ = {
			isa = PBXGroup;
			children = (
				E7E8F46A25B5A8F000CEEB98 /* Array.swift */,
				E7E8F46D25B5A8F000CEEB98 /* BinaryFloatingPoint.swift */,
				E7992B7925C98CC9007F8A86 /* ClosedRange.swift */,
				E7109B8D25C4AF4200A2862F /* Dictionary.swift */,
				E7E8F46B25B5A8F000CEEB98 /* Numeric.swift */,
				E7E8F46C25B5A8F000CEEB98 /* Timer.swift */,
			);
			path = Extensions;
			sourceTree = "<group>";
		};
		E7E8F46F25B5A8F000CEEB98 /* Processors */ = {
			isa = PBXGroup;
			children = (
				E7E8F47025B5A8F000CEEB98 /* DistanceProcessor.swift */,
			);
			path = Processors;
			sourceTree = "<group>";
		};
		E7E8F47125B5A8F000CEEB98 /* Creators */ = {
			isa = PBXGroup;
			children = (
				E7E8F47225B5A8F000CEEB98 /* FragmentManagerCreator.swift */,
				E7E8F47325B5A8F000CEEB98 /* PlaybackControllerCreator.swift */,
				E7E8F47425B5A8F000CEEB98 /* SoundPlayerCreator.swift */,
			);
			path = Creators;
			sourceTree = "<group>";
		};
		E7E8F47525B5A8F000CEEB98 /* Controllers */ = {
			isa = PBXGroup;
			children = (
				E7E8F47725B5A8F000CEEB98 /* BreathingPlaybackController.swift */,
				E7E8F47625B5A8F000CEEB98 /* MeowingPlaybackController.swift */,
			);
			path = Controllers;
			sourceTree = "<group>";
		};
		E7E8F47925B5A8F000CEEB98 /* Entities */ = {
			isa = PBXGroup;
			children = (
				E7E8F47A25B5A8F000CEEB98 /* BreathingPhases.swift */,
				E7E8F47B25B5A8F000CEEB98 /* SoundFragment.swift */,
			);
			path = Entities;
			sourceTree = "<group>";
		};
		E7E8F49B25B5A94400CEEB98 /* Static */ = {
			isa = PBXGroup;
			children = (
				E7E8F41E25B5A86000CEEB98 /* Assets.xcassets */,
				E78C6EAA2616988100B752D4 /* Fonts */,
				E7E8F49C25B5A94400CEEB98 /* Intervals */,
				E7E8F49E25B5A94400CEEB98 /* Sounds */,
			);
			path = Static;
			sourceTree = "<group>";
		};
		E7E8F49C25B5A94400CEEB98 /* Intervals */ = {
			isa = PBXGroup;
			children = (
				E7E8F49D25B5A94400CEEB98 /* MeowingIntervals.plist */,
			);
			path = Intervals;
			sourceTree = "<group>";
		};
		E7E8F49E25B5A94400CEEB98 /* Sounds */ = {
			isa = PBXGroup;
			children = (
				E7E8F49F25B5A94400CEEB98 /* Exhalation.m4a */,
				E7E8F4A025B5A94400CEEB98 /* Inhalation.m4a */,
				E7E8F4A125B5A94400CEEB98 /* Meowing.m4a */,
			);
			path = Sounds;
			sourceTree = "<group>";
		};
/* End PBXGroup section */

/* Begin PBXNativeTarget section */
		E7E8F41625B5A85F00CEEB98 /* YouAndMeow */ = {
			isa = PBXNativeTarget;
			buildConfigurationList = E7E8F43C25B5A86000CEEB98 /* Build configuration list for PBXNativeTarget "YouAndMeow" */;
			buildPhases = (
				E7E8F41325B5A85F00CEEB98 /* Sources */,
				E7E8F41425B5A85F00CEEB98 /* Frameworks */,
				E7E8F41525B5A85F00CEEB98 /* Resources */,
			);
			buildRules = (
			);
			dependencies = (
			);
			name = YouAndMeow;
			productName = YouAndMeow;
			productReference = E7E8F41725B5A85F00CEEB98 /* YouAndMeow.app */;
			productType = "com.apple.product-type.application";
		};
/* End PBXNativeTarget section */

/* Begin PBXProject section */
		E7E8F40F25B5A85F00CEEB98 /* Project object */ = {
			isa = PBXProject;
			attributes = {
				LastSwiftUpdateCheck = 1230;
				LastUpgradeCheck = 1230;
				TargetAttributes = {
					E7E8F41625B5A85F00CEEB98 = {
						CreatedOnToolsVersion = 12.3;
					};
				};
			};
			buildConfigurationList = E7E8F41225B5A85F00CEEB98 /* Build configuration list for PBXProject "YouAndMeow" */;
			compatibilityVersion = "Xcode 9.3";
			developmentRegion = en;
			hasScannedForEncodings = 0;
			knownRegions = (
				en,
				Base,
			);
			mainGroup = E7E8F40E25B5A85F00CEEB98;
			productRefGroup = E7E8F41825B5A85F00CEEB98 /* Products */;
			projectDirPath = "";
			projectRoot = "";
			targets = (
				E7E8F41625B5A85F00CEEB98 /* YouAndMeow */,
			);
		};
/* End PBXProject section */

/* Begin PBXResourcesBuildPhase section */
		E7E8F41525B5A85F00CEEB98 /* Resources */ = {
			isa = PBXResourcesBuildPhase;
			buildActionMask = 2147483647;
			files = (
				E7E8F4A425B5A94400CEEB98 /* Inhalation.m4a in Resources */,
				E7E8F41F25B5A86000CEEB98 /* Assets.xcassets in Resources */,
				E7E8F4A525B5A94400CEEB98 /* Meowing.m4a in Resources */,
				E7E8F4A225B5A94400CEEB98 /* MeowingIntervals.plist in Resources */,
				E7E8F4A325B5A94400CEEB98 /* Exhalation.m4a in Resources */,
				E78C6EAC261698C100B752D4 /* Kurale-Regular.ttf in Resources */,
			);
			runOnlyForDeploymentPostprocessing = 0;
		};
/* End PBXResourcesBuildPhase section */

/* Begin PBXSourcesBuildPhase section */
		E7E8F41325B5A85F00CEEB98 /* Sources */ = {
			isa = PBXSourcesBuildPhase;
			buildActionMask = 2147483647;
			files = (
				E7239DF125C445F300FFBF5A /* PlaybackSetting.swift in Sources */,
				E713E2B0261CD98700A29BB0 /* Logo.swift in Sources */,
				E7E8F48425B5A8F000CEEB98 /* RoundingAccuracy.swift in Sources */,
				E77526E725C9C4E200BC481B /* PlaybackSystemSettingsBounds.swift in Sources */,
				E7E8F48B25B5A8F000CEEB98 /* Numeric.swift in Sources */,
				E7E8F45225B5A8D700CEEB98 /* DataDecoder.swift in Sources */,
				E7E8F49325B5A8F000CEEB98 /* MeowingPlaybackController.swift in Sources */,
				E7298F53265FB3AF000FB2E3 /* ShutdownTimePickerViewModel.swift in Sources */,
				E7CB415925BB052F0035E229 /* SimpleSliderTrackShapeModifier.swift in Sources */,
				E7CB414925BB03590035E229 /* SimpleSliderTrack.swift in Sources */,
				E7E8F48625B5A8F000CEEB98 /* BreathingFragmentManager.swift in Sources */,
				E7F9846A2653FD9F002CDE6A /* ShutdownTimePicker.swift in Sources */,
				E7F984702654168A002CDE6A /* TimeSelection.swift in Sources */,
				E71C392F25CD7DD900535296 /* Bounded.swift in Sources */,
				E766A4F3262339F4008D6E8E /* ImageRepository.swift in Sources */,
				E7109B8E25C4AF4200A2862F /* Dictionary.swift in Sources */,
				E7E8F48925B5A8F000CEEB98 /* MeowingSoundPlayer.swift in Sources */,
				E7109B9F25C5253600A2862F /* PlaybackSettingsEnvironment.swift in Sources */,
				E7D9A82825BEE5F400EE072A /* PlaybackSettingType.swift in Sources */,
				E7E8F47F25B5A8F000CEEB98 /* AudioPCMBufferPlayer.swift in Sources */,
				E7E8F49025B5A8F000CEEB98 /* FragmentManagerCreator.swift in Sources */,
				E7E8F49725B5A8F000CEEB98 /* SoundFragment.swift in Sources */,
				E78463A9261505540097CDFB /* Color.swift in Sources */,
				E7E8F41B25B5A85F00CEEB98 /* YouAndMeowApp.swift in Sources */,
				E7E8F49125B5A8F000CEEB98 /* PlaybackControllerCreator.swift in Sources */,
				E78FEC5F2620C26F0079DAF7 /* RemoteCommandCenter.swift in Sources */,
				E7E8F48E25B5A8F000CEEB98 /* AVAudioEngine.swift in Sources */,
				E7E8F44F25B5A8D700CEEB98 /* SoundRepository.swift in Sources */,
				E7E8F48825B5A8F000CEEB98 /* SoundPlayer.swift in Sources */,
				E775032325B75FBD00D4E9FC /* SliderBuilder.swift in Sources */,
				E720DF8B264EE1E10058A6F7 /* TimePickerData.swift in Sources */,
				E75AA7B62615FBB200740B7C /* RoundedCorner.swift in Sources */,
				E7EE0D7A25BC0C2800638D2F /* SimpleSliderValueLabelTextModifier.swift in Sources */,
				E7E8F49525B5A8F000CEEB98 /* PlaybackSystem.swift in Sources */,
				E7E8F48A25B5A8F000CEEB98 /* Array.swift in Sources */,
				E7F9846C265406FD002CDE6A /* ActionButton.swift in Sources */,
				E78463B926150C9C0097CDFB /* View.swift in Sources */,
				E78463BE26150DAC0097CDFB /* PlayerBackgroundImage.swift in Sources */,
				E74A0FA1261E2C10003FBFD7 /* AudioSession.swift in Sources */,
				E7D9A82025BED63A00EE072A /* PlaybackSettingPanel.swift in Sources */,
				E7109BA725C52B2200A2862F /* PlayerScreen.swift in Sources */,
				E7E8F48225B5A8F000CEEB98 /* BoundedValue.swift in Sources */,
				E72E1E1A26600A9200894D73 /* TimeOptions.swift in Sources */,
				E7E8F47D25B5A8F000CEEB98 /* AudioBufferEngine.swift in Sources */,
				E78E99E6264EA99100ABB4FD /* WheelPickerCoordinator.swift in Sources */,
				E7E8F49225B5A8F000CEEB98 /* SoundPlayerCreator.swift in Sources */,
				E7CB415125BB036A0035E229 /* SimpleSliderThumb.swift in Sources */,
				E7CB413425BAF6940035E229 /* SimpleSlider.swift in Sources */,
				E775032D25B75FCE00D4E9FC /* SliderComponentModifier.swift in Sources */,
				E7156BBE25C1822600B7F211 /* IconButton.swift in Sources */,
				E7E8F47E25B5A8F000CEEB98 /* AudioPCMBufferEngine.swift in Sources */,
				E7239DE025C4350500FFBF5A /* PlaybackSettingMetadata.swift in Sources */,
				E7156BD425C18A2D00B7F211 /* PlayerControlPanel.swift in Sources */,
				E78E99E4264EA98600ABB4FD /* WheelPicker.swift in Sources */,
				E775032825B75FC800D4E9FC /* SliderTemplateModifiers.swift in Sources */,
				E7E8F47C25B5A8F000CEEB98 /* AudioByteBufferEngine.swift in Sources */,
				E7109B8925C4A1ED00A2862F /* PlaybackControlPanel.swift in Sources */,
				E7992B7A25C98CC9007F8A86 /* ClosedRange.swift in Sources */,
				E7E8F48D25B5A8F000CEEB98 /* BinaryFloatingPoint.swift in Sources */,
				E78463A3261504420097CDFB /* PlayerView.swift in Sources */,
				E7E8F48325B5A8F000CEEB98 /* VoidFunction.swift in Sources */,
				E7F9846E26541266002CDE6A /* ShutdownTimerEnvironment.swift in Sources */,
				E78E99EB264EBB5500ABB4FD /* TimePickerCoordinator.swift in Sources */,
				E7E8F48025B5A8F000CEEB98 /* AudioByteBufferPlayer.swift in Sources */,
				E7E8F49425B5A8F000CEEB98 /* BreathingPlaybackController.swift in Sources */,
				E7E8F48725B5A8F000CEEB98 /* BreathingSoundPlayer.swift in Sources */,
				E7E8F49625B5A8F000CEEB98 /* BreathingPhases.swift in Sources */,
				E7CAD2C525C3054D007761A9 /* PlaybackSettingPanelViewModel.swift in Sources */,
				E7E8F48525B5A8F000CEEB98 /* MeowingFragmentManager.swift in Sources */,
				E7E8F45125B5A8D700CEEB98 /* IntervalsRepository.swift in Sources */,
				E7E8F45025B5A8D700CEEB98 /* FileManager.swift in Sources */,
				E7E8F48125B5A8F000CEEB98 /* AudioBufferPlayer.swift in Sources */,
				E7E8F48C25B5A8F000CEEB98 /* Timer.swift in Sources */,
				E7109B9725C522CE00A2862F /* PlaybackSystemEnvironment.swift in Sources */,
				E7E8F48F25B5A8F000CEEB98 /* DistanceProcessor.swift in Sources */,
				E7EE0D7B25BC0C2800638D2F /* SimpleSliderValueLabels.swift in Sources */,
				E78E99E9264EBB4A00ABB4FD /* TimePicker.swift in Sources */,
				E7BD81D225C1E4880083FE69 /* PlaybackSettingSlider.swift in Sources */,
			);
			runOnlyForDeploymentPostprocessing = 0;
		};
/* End PBXSourcesBuildPhase section */

/* Begin XCBuildConfiguration section */
		E7E8F43A25B5A86000CEEB98 /* Debug */ = {
			isa = XCBuildConfiguration;
			buildSettings = {
				ALWAYS_SEARCH_USER_PATHS = NO;
				CLANG_ANALYZER_NONNULL = YES;
				CLANG_ANALYZER_NUMBER_OBJECT_CONVERSION = YES_AGGRESSIVE;
				CLANG_CXX_LANGUAGE_STANDARD = "gnu++14";
				CLANG_CXX_LIBRARY = "libc++";
				CLANG_ENABLE_MODULES = YES;
				CLANG_ENABLE_OBJC_ARC = YES;
				CLANG_ENABLE_OBJC_WEAK = YES;
				CLANG_WARN_BLOCK_CAPTURE_AUTORELEASING = YES;
				CLANG_WARN_BOOL_CONVERSION = YES;
				CLANG_WARN_COMMA = YES;
				CLANG_WARN_CONSTANT_CONVERSION = YES;
				CLANG_WARN_DEPRECATED_OBJC_IMPLEMENTATIONS = YES;
				CLANG_WARN_DIRECT_OBJC_ISA_USAGE = YES_ERROR;
				CLANG_WARN_DOCUMENTATION_COMMENTS = YES;
				CLANG_WARN_EMPTY_BODY = YES;
				CLANG_WARN_ENUM_CONVERSION = YES;
				CLANG_WARN_INFINITE_RECURSION = YES;
				CLANG_WARN_INT_CONVERSION = YES;
				CLANG_WARN_NON_LITERAL_NULL_CONVERSION = YES;
				CLANG_WARN_OBJC_IMPLICIT_RETAIN_SELF = YES;
				CLANG_WARN_OBJC_LITERAL_CONVERSION = YES;
				CLANG_WARN_OBJC_ROOT_CLASS = YES_ERROR;
				CLANG_WARN_QUOTED_INCLUDE_IN_FRAMEWORK_HEADER = YES;
				CLANG_WARN_RANGE_LOOP_ANALYSIS = YES;
				CLANG_WARN_STRICT_PROTOTYPES = YES;
				CLANG_WARN_SUSPICIOUS_MOVE = YES;
				CLANG_WARN_UNGUARDED_AVAILABILITY = YES_AGGRESSIVE;
				CLANG_WARN_UNREACHABLE_CODE = YES;
				CLANG_WARN__DUPLICATE_METHOD_MATCH = YES;
				COPY_PHASE_STRIP = NO;
				DEBUG_INFORMATION_FORMAT = dwarf;
				ENABLE_STRICT_OBJC_MSGSEND = YES;
				ENABLE_TESTABILITY = YES;
				GCC_C_LANGUAGE_STANDARD = gnu11;
				GCC_DYNAMIC_NO_PIC = NO;
				GCC_NO_COMMON_BLOCKS = YES;
				GCC_OPTIMIZATION_LEVEL = 0;
				GCC_PREPROCESSOR_DEFINITIONS = (
					"DEBUG=1",
					"$(inherited)",
				);
				GCC_WARN_64_TO_32_BIT_CONVERSION = YES;
				GCC_WARN_ABOUT_RETURN_TYPE = YES_ERROR;
				GCC_WARN_UNDECLARED_SELECTOR = YES;
				GCC_WARN_UNINITIALIZED_AUTOS = YES_AGGRESSIVE;
				GCC_WARN_UNUSED_FUNCTION = YES;
				GCC_WARN_UNUSED_VARIABLE = YES;
				IPHONEOS_DEPLOYMENT_TARGET = 14.3;
				MTL_ENABLE_DEBUG_INFO = INCLUDE_SOURCE;
				MTL_FAST_MATH = YES;
				ONLY_ACTIVE_ARCH = YES;
				SDKROOT = iphoneos;
				SWIFT_ACTIVE_COMPILATION_CONDITIONS = DEBUG;
				SWIFT_OPTIMIZATION_LEVEL = "-Onone";
			};
			name = Debug;
		};
		E7E8F43B25B5A86000CEEB98 /* Release */ = {
			isa = XCBuildConfiguration;
			buildSettings = {
				ALWAYS_SEARCH_USER_PATHS = NO;
				CLANG_ANALYZER_NONNULL = YES;
				CLANG_ANALYZER_NUMBER_OBJECT_CONVERSION = YES_AGGRESSIVE;
				CLANG_CXX_LANGUAGE_STANDARD = "gnu++14";
				CLANG_CXX_LIBRARY = "libc++";
				CLANG_ENABLE_MODULES = YES;
				CLANG_ENABLE_OBJC_ARC = YES;
				CLANG_ENABLE_OBJC_WEAK = YES;
				CLANG_WARN_BLOCK_CAPTURE_AUTORELEASING = YES;
				CLANG_WARN_BOOL_CONVERSION = YES;
				CLANG_WARN_COMMA = YES;
				CLANG_WARN_CONSTANT_CONVERSION = YES;
				CLANG_WARN_DEPRECATED_OBJC_IMPLEMENTATIONS = YES;
				CLANG_WARN_DIRECT_OBJC_ISA_USAGE = YES_ERROR;
				CLANG_WARN_DOCUMENTATION_COMMENTS = YES;
				CLANG_WARN_EMPTY_BODY = YES;
				CLANG_WARN_ENUM_CONVERSION = YES;
				CLANG_WARN_INFINITE_RECURSION = YES;
				CLANG_WARN_INT_CONVERSION = YES;
				CLANG_WARN_NON_LITERAL_NULL_CONVERSION = YES;
				CLANG_WARN_OBJC_IMPLICIT_RETAIN_SELF = YES;
				CLANG_WARN_OBJC_LITERAL_CONVERSION = YES;
				CLANG_WARN_OBJC_ROOT_CLASS = YES_ERROR;
				CLANG_WARN_QUOTED_INCLUDE_IN_FRAMEWORK_HEADER = YES;
				CLANG_WARN_RANGE_LOOP_ANALYSIS = YES;
				CLANG_WARN_STRICT_PROTOTYPES = YES;
				CLANG_WARN_SUSPICIOUS_MOVE = YES;
				CLANG_WARN_UNGUARDED_AVAILABILITY = YES_AGGRESSIVE;
				CLANG_WARN_UNREACHABLE_CODE = YES;
				CLANG_WARN__DUPLICATE_METHOD_MATCH = YES;
				COPY_PHASE_STRIP = NO;
				DEBUG_INFORMATION_FORMAT = "dwarf-with-dsym";
				ENABLE_NS_ASSERTIONS = NO;
				ENABLE_STRICT_OBJC_MSGSEND = YES;
				GCC_C_LANGUAGE_STANDARD = gnu11;
				GCC_NO_COMMON_BLOCKS = YES;
				GCC_WARN_64_TO_32_BIT_CONVERSION = YES;
				GCC_WARN_ABOUT_RETURN_TYPE = YES_ERROR;
				GCC_WARN_UNDECLARED_SELECTOR = YES;
				GCC_WARN_UNINITIALIZED_AUTOS = YES_AGGRESSIVE;
				GCC_WARN_UNUSED_FUNCTION = YES;
				GCC_WARN_UNUSED_VARIABLE = YES;
				IPHONEOS_DEPLOYMENT_TARGET = 14.3;
				MTL_ENABLE_DEBUG_INFO = NO;
				MTL_FAST_MATH = YES;
				SDKROOT = iphoneos;
				SWIFT_COMPILATION_MODE = wholemodule;
				SWIFT_OPTIMIZATION_LEVEL = "-O";
				VALIDATE_PRODUCT = YES;
			};
			name = Release;
		};
		E7E8F43D25B5A86000CEEB98 /* Debug */ = {
			isa = XCBuildConfiguration;
			buildSettings = {
				ASSETCATALOG_COMPILER_APPICON_NAME = AppIcon;
				ASSETCATALOG_COMPILER_GLOBAL_ACCENT_COLOR_NAME = AccentColor;
				CODE_SIGN_IDENTITY = "Apple Development";
				CODE_SIGN_STYLE = Automatic;
				CURRENT_PROJECT_VERSION = 2;
				DEVELOPMENT_ASSET_PATHS = "";
				DEVELOPMENT_TEAM = R4VKC85W43;
				ENABLE_PREVIEWS = YES;
				INFOPLIST_FILE = YouAndMeow/Info.plist;
				IPHONEOS_DEPLOYMENT_TARGET = 14.0;
				LD_RUNPATH_SEARCH_PATHS = (
					"$(inherited)",
					"@executable_path/Frameworks",
				);
				PRODUCT_BUNDLE_IDENTIFIER = ru.BarsukinSyn.YouAndMeow;
				PRODUCT_NAME = "$(TARGET_NAME)";
				PROVISIONING_PROFILE_SPECIFIER = "";
				SWIFT_VERSION = 5.0;
				TARGETED_DEVICE_FAMILY = 1;
			};
			name = Debug;
		};
		E7E8F43E25B5A86000CEEB98 /* Release */ = {
			isa = XCBuildConfiguration;
			buildSettings = {
				ASSETCATALOG_COMPILER_APPICON_NAME = AppIcon;
				ASSETCATALOG_COMPILER_GLOBAL_ACCENT_COLOR_NAME = AccentColor;
				CODE_SIGN_IDENTITY = "Apple Development";
				CODE_SIGN_STYLE = Automatic;
				CURRENT_PROJECT_VERSION = 2;
				DEVELOPMENT_ASSET_PATHS = "";
				DEVELOPMENT_TEAM = R4VKC85W43;
				ENABLE_PREVIEWS = YES;
				INFOPLIST_FILE = YouAndMeow/Info.plist;
				IPHONEOS_DEPLOYMENT_TARGET = 14.0;
				LD_RUNPATH_SEARCH_PATHS = (
					"$(inherited)",
					"@executable_path/Frameworks",
				);
				PRODUCT_BUNDLE_IDENTIFIER = ru.BarsukinSyn.YouAndMeow;
				PRODUCT_NAME = "$(TARGET_NAME)";
				PROVISIONING_PROFILE_SPECIFIER = "";
				SWIFT_VERSION = 5.0;
				TARGETED_DEVICE_FAMILY = 1;
			};
			name = Release;
		};
/* End XCBuildConfiguration section */

/* Begin XCConfigurationList section */
		E7E8F41225B5A85F00CEEB98 /* Build configuration list for PBXProject "YouAndMeow" */ = {
			isa = XCConfigurationList;
			buildConfigurations = (
				E7E8F43A25B5A86000CEEB98 /* Debug */,
				E7E8F43B25B5A86000CEEB98 /* Release */,
			);
			defaultConfigurationIsVisible = 0;
			defaultConfigurationName = Release;
		};
		E7E8F43C25B5A86000CEEB98 /* Build configuration list for PBXNativeTarget "YouAndMeow" */ = {
			isa = XCConfigurationList;
			buildConfigurations = (
				E7E8F43D25B5A86000CEEB98 /* Debug */,
				E7E8F43E25B5A86000CEEB98 /* Release */,
			);
			defaultConfigurationIsVisible = 0;
			defaultConfigurationName = Release;
		};
/* End XCConfigurationList section */
	};
	rootObject = E7E8F40F25B5A85F00CEEB98 /* Project object */;
}
